// !$*UTF8*$!
{
	archiveVersion = 1;
	classes = {
	};
	objectVersion = 46;
	objects = {

/* Begin PBXBuildFile section */
		0438FD231D192646008EA36D /* source.cpp in Sources */ = {isa = PBXBuildFile; fileRef = 0438FD221D192646008EA36D /* source.cpp */; };
		0438FD241D192646008EA36D /* source.cpp in Sources */ = {isa = PBXBuildFile; fileRef = 0438FD221D192646008EA36D /* source.cpp */; };
		0438FD621D19265F008EA36D /* Face_utils.cpp in Sources */ = {isa = PBXBuildFile; fileRef = 0438FD5B1D19265F008EA36D /* Face_utils.cpp */; };
		0438FD631D19265F008EA36D /* Face_utils.cpp in Sources */ = {isa = PBXBuildFile; fileRef = 0438FD5B1D19265F008EA36D /* Face_utils.cpp */; };
		0438FD641D19265F008EA36D /* FaceAnalyser.cpp in Sources */ = {isa = PBXBuildFile; fileRef = 0438FD5C1D19265F008EA36D /* FaceAnalyser.cpp */; };
		0438FD651D19265F008EA36D /* FaceAnalyser.cpp in Sources */ = {isa = PBXBuildFile; fileRef = 0438FD5C1D19265F008EA36D /* FaceAnalyser.cpp */; };
		0438FD661D19265F008EA36D /* GazeEstimation.cpp in Sources */ = {isa = PBXBuildFile; fileRef = 0438FD5D1D19265F008EA36D /* GazeEstimation.cpp */; };
		0438FD671D19265F008EA36D /* GazeEstimation.cpp in Sources */ = {isa = PBXBuildFile; fileRef = 0438FD5D1D19265F008EA36D /* GazeEstimation.cpp */; };
		0438FD681D19265F008EA36D /* SVM_dynamic_lin.cpp in Sources */ = {isa = PBXBuildFile; fileRef = 0438FD5E1D19265F008EA36D /* SVM_dynamic_lin.cpp */; };
		0438FD691D19265F008EA36D /* SVM_dynamic_lin.cpp in Sources */ = {isa = PBXBuildFile; fileRef = 0438FD5E1D19265F008EA36D /* SVM_dynamic_lin.cpp */; };
		0438FD6A1D19265F008EA36D /* SVM_static_lin.cpp in Sources */ = {isa = PBXBuildFile; fileRef = 0438FD5F1D19265F008EA36D /* SVM_static_lin.cpp */; };
		0438FD6B1D19265F008EA36D /* SVM_static_lin.cpp in Sources */ = {isa = PBXBuildFile; fileRef = 0438FD5F1D19265F008EA36D /* SVM_static_lin.cpp */; };
		0438FD6C1D19265F008EA36D /* SVR_dynamic_lin_regressors.cpp in Sources */ = {isa = PBXBuildFile; fileRef = 0438FD601D19265F008EA36D /* SVR_dynamic_lin_regressors.cpp */; };
		0438FD6D1D19265F008EA36D /* SVR_dynamic_lin_regressors.cpp in Sources */ = {isa = PBXBuildFile; fileRef = 0438FD601D19265F008EA36D /* SVR_dynamic_lin_regressors.cpp */; };
		0438FD6E1D19265F008EA36D /* SVR_static_lin_regressors.cpp in Sources */ = {isa = PBXBuildFile; fileRef = 0438FD611D19265F008EA36D /* SVR_static_lin_regressors.cpp */; };
		0438FD6F1D19265F008EA36D /* SVR_static_lin_regressors.cpp in Sources */ = {isa = PBXBuildFile; fileRef = 0438FD611D19265F008EA36D /* SVR_static_lin_regressors.cpp */; };
		0438FDC81D192669008EA36D /* CCNF_patch_expert.cpp in Sources */ = {isa = PBXBuildFile; fileRef = 0438FDBD1D192669008EA36D /* CCNF_patch_expert.cpp */; };
		0438FDC91D192669008EA36D /* CCNF_patch_expert.cpp in Sources */ = {isa = PBXBuildFile; fileRef = 0438FDBD1D192669008EA36D /* CCNF_patch_expert.cpp */; };
		0438FDCA1D192669008EA36D /* LandmarkDetectionValidator.cpp in Sources */ = {isa = PBXBuildFile; fileRef = 0438FDBE1D192669008EA36D /* LandmarkDetectionValidator.cpp */; };
		0438FDCB1D192669008EA36D /* LandmarkDetectionValidator.cpp in Sources */ = {isa = PBXBuildFile; fileRef = 0438FDBE1D192669008EA36D /* LandmarkDetectionValidator.cpp */; };
		0438FDCC1D192669008EA36D /* LandmarkDetectorFunc.cpp in Sources */ = {isa = PBXBuildFile; fileRef = 0438FDBF1D192669008EA36D /* LandmarkDetectorFunc.cpp */; };
		0438FDCD1D192669008EA36D /* LandmarkDetectorFunc.cpp in Sources */ = {isa = PBXBuildFile; fileRef = 0438FDBF1D192669008EA36D /* LandmarkDetectorFunc.cpp */; };
		0438FDCE1D192669008EA36D /* LandmarkDetectorModel.cpp in Sources */ = {isa = PBXBuildFile; fileRef = 0438FDC01D192669008EA36D /* LandmarkDetectorModel.cpp */; };
		0438FDCF1D192669008EA36D /* LandmarkDetectorModel.cpp in Sources */ = {isa = PBXBuildFile; fileRef = 0438FDC01D192669008EA36D /* LandmarkDetectorModel.cpp */; };
		0438FDD01D192669008EA36D /* LandmarkDetectorParameters.cpp in Sources */ = {isa = PBXBuildFile; fileRef = 0438FDC11D192669008EA36D /* LandmarkDetectorParameters.cpp */; };
		0438FDD11D192669008EA36D /* LandmarkDetectorParameters.cpp in Sources */ = {isa = PBXBuildFile; fileRef = 0438FDC11D192669008EA36D /* LandmarkDetectorParameters.cpp */; };
		0438FDD21D192669008EA36D /* LandmarkDetectorUtils.cpp in Sources */ = {isa = PBXBuildFile; fileRef = 0438FDC21D192669008EA36D /* LandmarkDetectorUtils.cpp */; };
		0438FDD31D192669008EA36D /* LandmarkDetectorUtils.cpp in Sources */ = {isa = PBXBuildFile; fileRef = 0438FDC21D192669008EA36D /* LandmarkDetectorUtils.cpp */; };
		0438FDD41D192669008EA36D /* Patch_experts.cpp in Sources */ = {isa = PBXBuildFile; fileRef = 0438FDC31D192669008EA36D /* Patch_experts.cpp */; };
		0438FDD51D192669008EA36D /* Patch_experts.cpp in Sources */ = {isa = PBXBuildFile; fileRef = 0438FDC31D192669008EA36D /* Patch_experts.cpp */; };
		0438FDD61D192669008EA36D /* PAW.cpp in Sources */ = {isa = PBXBuildFile; fileRef = 0438FDC41D192669008EA36D /* PAW.cpp */; };
		0438FDD71D192669008EA36D /* PAW.cpp in Sources */ = {isa = PBXBuildFile; fileRef = 0438FDC41D192669008EA36D /* PAW.cpp */; };
		0438FDD81D192669008EA36D /* PDM.cpp in Sources */ = {isa = PBXBuildFile; fileRef = 0438FDC51D192669008EA36D /* PDM.cpp */; };
		0438FDD91D192669008EA36D /* PDM.cpp in Sources */ = {isa = PBXBuildFile; fileRef = 0438FDC51D192669008EA36D /* PDM.cpp */; };
		0438FDDA1D192669008EA36D /* stdafx.cpp in Sources */ = {isa = PBXBuildFile; fileRef = 0438FDC61D192669008EA36D /* stdafx.cpp */; };
		0438FDDB1D192669008EA36D /* stdafx.cpp in Sources */ = {isa = PBXBuildFile; fileRef = 0438FDC61D192669008EA36D /* stdafx.cpp */; };
		0438FDDC1D192669008EA36D /* SVR_patch_expert.cpp in Sources */ = {isa = PBXBuildFile; fileRef = 0438FDC71D192669008EA36D /* SVR_patch_expert.cpp */; };
		0438FDDD1D192669008EA36D /* SVR_patch_expert.cpp in Sources */ = {isa = PBXBuildFile; fileRef = 0438FDC71D192669008EA36D /* SVR_patch_expert.cpp */; };
		0438FDE91D1926B6008EA36D /* codecvt_error_category.cpp in Sources */ = {isa = PBXBuildFile; fileRef = 0438FDE01D1926B6008EA36D /* codecvt_error_category.cpp */; };
		0438FDEA1D1926B6008EA36D /* codecvt_error_category.cpp in Sources */ = {isa = PBXBuildFile; fileRef = 0438FDE01D1926B6008EA36D /* codecvt_error_category.cpp */; };
		0438FDEB1D1926B6008EA36D /* operations.cpp in Sources */ = {isa = PBXBuildFile; fileRef = 0438FDE11D1926B6008EA36D /* operations.cpp */; };
		0438FDEC1D1926B6008EA36D /* operations.cpp in Sources */ = {isa = PBXBuildFile; fileRef = 0438FDE11D1926B6008EA36D /* operations.cpp */; };
		0438FDED1D1926B6008EA36D /* path_traits.cpp in Sources */ = {isa = PBXBuildFile; fileRef = 0438FDE21D1926B6008EA36D /* path_traits.cpp */; };
		0438FDEE1D1926B6008EA36D /* path_traits.cpp in Sources */ = {isa = PBXBuildFile; fileRef = 0438FDE21D1926B6008EA36D /* path_traits.cpp */; };
		0438FDEF1D1926B6008EA36D /* path.cpp in Sources */ = {isa = PBXBuildFile; fileRef = 0438FDE31D1926B6008EA36D /* path.cpp */; };
		0438FDF01D1926B6008EA36D /* path.cpp in Sources */ = {isa = PBXBuildFile; fileRef = 0438FDE31D1926B6008EA36D /* path.cpp */; };
		0438FDF11D1926B6008EA36D /* portability.cpp in Sources */ = {isa = PBXBuildFile; fileRef = 0438FDE41D1926B6008EA36D /* portability.cpp */; };
		0438FDF21D1926B6008EA36D /* portability.cpp in Sources */ = {isa = PBXBuildFile; fileRef = 0438FDE41D1926B6008EA36D /* portability.cpp */; };
		0438FDF31D1926B6008EA36D /* unique_path.cpp in Sources */ = {isa = PBXBuildFile; fileRef = 0438FDE51D1926B6008EA36D /* unique_path.cpp */; };
		0438FDF41D1926B6008EA36D /* unique_path.cpp in Sources */ = {isa = PBXBuildFile; fileRef = 0438FDE51D1926B6008EA36D /* unique_path.cpp */; };
		0438FDF51D1926B6008EA36D /* utf8_codecvt_facet.cpp in Sources */ = {isa = PBXBuildFile; fileRef = 0438FDE61D1926B6008EA36D /* utf8_codecvt_facet.cpp */; };
		0438FDF61D1926B6008EA36D /* utf8_codecvt_facet.cpp in Sources */ = {isa = PBXBuildFile; fileRef = 0438FDE61D1926B6008EA36D /* utf8_codecvt_facet.cpp */; };
		0438FDF71D1926B6008EA36D /* windows_file_codecvt.cpp in Sources */ = {isa = PBXBuildFile; fileRef = 0438FDE71D1926B6008EA36D /* windows_file_codecvt.cpp */; };
		0438FDF81D1926B6008EA36D /* windows_file_codecvt.cpp in Sources */ = {isa = PBXBuildFile; fileRef = 0438FDE71D1926B6008EA36D /* windows_file_codecvt.cpp */; };
		0438FDFB1D1926C9008EA36D /* error_code.cpp in Sources */ = {isa = PBXBuildFile; fileRef = 0438FDFA1D1926C9008EA36D /* error_code.cpp */; };
		0438FDFC1D1926C9008EA36D /* error_code.cpp in Sources */ = {isa = PBXBuildFile; fileRef = 0438FDFA1D1926C9008EA36D /* error_code.cpp */; };
		045A38641D1921C100A8F47B /* FaceLandmarkVid.cpp in Sources */ = {isa = PBXBuildFile; fileRef = 045A38631D1921C100A8F47B /* FaceLandmarkVid.cpp */; };
		045A38881D1921F500A8F47B /* dbt_face_detection.cpp in Sources */ = {isa = PBXBuildFile; fileRef = 045A38871D1921F500A8F47B /* dbt_face_detection.cpp */; };
/* End PBXBuildFile section */

/* Begin PBXContainerItemProxy section */
		045A38721D1921D500A8F47B /* PBXContainerItemProxy */ = {
			isa = PBXContainerItemProxy;
			containerPortal = 045A38651D1921D500A8F47B /* facelib.xcodeproj */;
			proxyType = 2;
			remoteGlobalIDString = E04B5AFCC3824259B25B5CB0;
			remoteInfo = zlib;
		};
		045A38741D1921D500A8F47B /* PBXContainerItemProxy */ = {
			isa = PBXContainerItemProxy;
			containerPortal = 045A38651D1921D500A8F47B /* facelib.xcodeproj */;
			proxyType = 2;
			remoteGlobalIDString = 1C90A63CAC874268ABAA5883;
			remoteInfo = libtiff;
		};
		045A38761D1921D500A8F47B /* PBXContainerItemProxy */ = {
			isa = PBXContainerItemProxy;
			containerPortal = 045A38651D1921D500A8F47B /* facelib.xcodeproj */;
			proxyType = 2;
			remoteGlobalIDString = C5E43F3F1C024A4FB22A33EE;
			remoteInfo = libjpeg;
		};
		045A38781D1921D500A8F47B /* PBXContainerItemProxy */ = {
			isa = PBXContainerItemProxy;
			containerPortal = 045A38651D1921D500A8F47B /* facelib.xcodeproj */;
			proxyType = 2;
			remoteGlobalIDString = 4BBD9897B1EF4C08B60AE406;
			remoteInfo = libwebp;
		};
		045A387A1D1921D500A8F47B /* PBXContainerItemProxy */ = {
			isa = PBXContainerItemProxy;
			containerPortal = 045A38651D1921D500A8F47B /* facelib.xcodeproj */;
			proxyType = 2;
			remoteGlobalIDString = 6FA811231B1D4566B33198E5;
			remoteInfo = libjasper;
		};
		045A387C1D1921D500A8F47B /* PBXContainerItemProxy */ = {
			isa = PBXContainerItemProxy;
			containerPortal = 045A38651D1921D500A8F47B /* facelib.xcodeproj */;
			proxyType = 2;
			remoteGlobalIDString = 8FECB2B2FA594796BE832ECC;
			remoteInfo = libpng;
		};
		045A387E1D1921D500A8F47B /* PBXContainerItemProxy */ = {
			isa = PBXContainerItemProxy;
			containerPortal = 045A38651D1921D500A8F47B /* facelib.xcodeproj */;
			proxyType = 2;
			remoteGlobalIDString = 9B0DBD2B3D3B4D39A74D2515;
			remoteInfo = IlmImf;
		};
		045A38801D1921D500A8F47B /* PBXContainerItemProxy */ = {
			isa = PBXContainerItemProxy;
			containerPortal = 045A38651D1921D500A8F47B /* facelib.xcodeproj */;
			proxyType = 2;
			remoteGlobalIDString = 4FCA66827917428DA7788885;
			remoteInfo = opencv_world;
		};
		045A38821D1921D500A8F47B /* PBXContainerItemProxy */ = {
			isa = PBXContainerItemProxy;
			containerPortal = 045A38651D1921D500A8F47B /* facelib.xcodeproj */;
			proxyType = 2;
			remoteGlobalIDString = 335697A6F8C74AC9A105B1C1;
			remoteInfo = opencv_world_object;
		};
		045A38841D1921D500A8F47B /* PBXContainerItemProxy */ = {
			isa = PBXContainerItemProxy;
			containerPortal = 045A38651D1921D500A8F47B /* facelib.xcodeproj */;
			proxyType = 2;
			remoteGlobalIDString = F887A994EB05471E92BB4A8C;
			remoteInfo = opencv_ts;
		};
/* End PBXContainerItemProxy section */

/* Begin PBXFileReference section */
		0438FD221D192646008EA36D /* source.cpp */ = {isa = PBXFileReference; fileEncoding = 4; lastKnownFileType = sourcecode.cpp.cpp; name = source.cpp; path = ios_mac/dlib/all/source.cpp; sourceTree = "<group>"; };
		0438FD271D19265F008EA36D /* AU_all_best.txt */ = {isa = PBXFileReference; fileEncoding = 4; lastKnownFileType = text; path = AU_all_best.txt; sourceTree = "<group>"; };
		0438FD281D19265F008EA36D /* AU_all_static.txt */ = {isa = PBXFileReference; fileEncoding = 4; lastKnownFileType = text; path = AU_all_static.txt; sourceTree = "<group>"; };
		0438FD2A1D19265F008EA36D /* AU_23_static.dat */ = {isa = PBXFileReference; lastKnownFileType = file; path = AU_23_static.dat; sourceTree = "<group>"; };
		0438FD2B1D19265F008EA36D /* AU_7_static.dat */ = {isa = PBXFileReference; lastKnownFileType = file; path = AU_7_static.dat; sourceTree = "<group>"; };
		0438FD2D1D19265F008EA36D /* AU_12_static_combined_all.dat */ = {isa = PBXFileReference; lastKnownFileType = file; path = AU_12_static_combined_all.dat; sourceTree = "<group>"; };
		0438FD2E1D19265F008EA36D /* AU_15_dynamic_combined_all.dat */ = {isa = PBXFileReference; lastKnownFileType = file; path = AU_15_dynamic_combined_all.dat; sourceTree = "<group>"; };
		0438FD2F1D19265F008EA36D /* AU_15_static_combined_all.dat */ = {isa = PBXFileReference; lastKnownFileType = file; path = AU_15_static_combined_all.dat; sourceTree = "<group>"; };
		0438FD301D19265F008EA36D /* AU_1_static_combined_all.dat */ = {isa = PBXFileReference; lastKnownFileType = file; path = AU_1_static_combined_all.dat; sourceTree = "<group>"; };
		0438FD311D19265F008EA36D /* AU_25_static_combined_all.dat */ = {isa = PBXFileReference; lastKnownFileType = file; path = AU_25_static_combined_all.dat; sourceTree = "<group>"; };
		0438FD321D19265F008EA36D /* AU_2_dynamic_combined_all.dat */ = {isa = PBXFileReference; lastKnownFileType = file; path = AU_2_dynamic_combined_all.dat; sourceTree = "<group>"; };
		0438FD331D19265F008EA36D /* AU_2_static_combined_all.dat */ = {isa = PBXFileReference; lastKnownFileType = file; path = AU_2_static_combined_all.dat; sourceTree = "<group>"; };
		0438FD341D19265F008EA36D /* AU_4_dynamic_combined_all.dat */ = {isa = PBXFileReference; lastKnownFileType = file; path = AU_4_dynamic_combined_all.dat; sourceTree = "<group>"; };
		0438FD351D19265F008EA36D /* AU_4_static_combined_all.dat */ = {isa = PBXFileReference; lastKnownFileType = file; path = AU_4_static_combined_all.dat; sourceTree = "<group>"; };
		0438FD371D19265F008EA36D /* AU_28_static.dat */ = {isa = PBXFileReference; lastKnownFileType = file; path = AU_28_static.dat; sourceTree = "<group>"; };
		0438FD381D19265F008EA36D /* AU_45_dynamic.dat */ = {isa = PBXFileReference; lastKnownFileType = file; path = AU_45_dynamic.dat; sourceTree = "<group>"; };
		0438FD391D19265F008EA36D /* AU_45_static.dat */ = {isa = PBXFileReference; lastKnownFileType = file; path = AU_45_static.dat; sourceTree = "<group>"; };
		0438FD3B1D19265F008EA36D /* AU_10_static_intensity.dat */ = {isa = PBXFileReference; lastKnownFileType = file; path = AU_10_static_intensity.dat; sourceTree = "<group>"; };
		0438FD3C1D19265F008EA36D /* AU_14_static_intensity.dat */ = {isa = PBXFileReference; lastKnownFileType = file; path = AU_14_static_intensity.dat; sourceTree = "<group>"; };
		0438FD3E1D19265F008EA36D /* AU_12_static_intensity_combined.dat */ = {isa = PBXFileReference; lastKnownFileType = file; path = AU_12_static_intensity_combined.dat; sourceTree = "<group>"; };
		0438FD3F1D19265F008EA36D /* AU_17_static_intensity_combined.dat */ = {isa = PBXFileReference; lastKnownFileType = file; path = AU_17_static_intensity_combined.dat; sourceTree = "<group>"; };
		0438FD401D19265F008EA36D /* AU_6_static_intensity_combined.dat */ = {isa = PBXFileReference; lastKnownFileType = file; path = AU_6_static_intensity_combined.dat; sourceTree = "<group>"; };
		0438FD421D19265F008EA36D /* AU_15_dyn.dat */ = {isa = PBXFileReference; lastKnownFileType = file; path = AU_15_dyn.dat; sourceTree = "<group>"; };
		0438FD431D19265F008EA36D /* AU_15_static.dat */ = {isa = PBXFileReference; lastKnownFileType = file; path = AU_15_static.dat; sourceTree = "<group>"; };
		0438FD441D19265F008EA36D /* AU_1_dyn.dat */ = {isa = PBXFileReference; lastKnownFileType = file; path = AU_1_dyn.dat; sourceTree = "<group>"; };
		0438FD451D19265F008EA36D /* AU_1_static.dat */ = {isa = PBXFileReference; lastKnownFileType = file; path = AU_1_static.dat; sourceTree = "<group>"; };
		0438FD461D19265F008EA36D /* AU_20_dyn.dat */ = {isa = PBXFileReference; lastKnownFileType = file; path = AU_20_dyn.dat; sourceTree = "<group>"; };
		0438FD471D19265F008EA36D /* AU_20_static.dat */ = {isa = PBXFileReference; lastKnownFileType = file; path = AU_20_static.dat; sourceTree = "<group>"; };
		0438FD481D19265F008EA36D /* AU_25_static.dat */ = {isa = PBXFileReference; lastKnownFileType = file; path = AU_25_static.dat; sourceTree = "<group>"; };
		0438FD491D19265F008EA36D /* AU_26_dyn.dat */ = {isa = PBXFileReference; lastKnownFileType = file; path = AU_26_dyn.dat; sourceTree = "<group>"; };
		0438FD4A1D19265F008EA36D /* AU_26_static.dat */ = {isa = PBXFileReference; lastKnownFileType = file; path = AU_26_static.dat; sourceTree = "<group>"; };
		0438FD4B1D19265F008EA36D /* AU_2_dyn.dat */ = {isa = PBXFileReference; lastKnownFileType = file; path = AU_2_dyn.dat; sourceTree = "<group>"; };
		0438FD4C1D19265F008EA36D /* AU_2_static.dat */ = {isa = PBXFileReference; lastKnownFileType = file; path = AU_2_static.dat; sourceTree = "<group>"; };
		0438FD4D1D19265F008EA36D /* AU_4_static.dat */ = {isa = PBXFileReference; lastKnownFileType = file; path = AU_4_static.dat; sourceTree = "<group>"; };
		0438FD4E1D19265F008EA36D /* AU_5_dyn.dat */ = {isa = PBXFileReference; lastKnownFileType = file; path = AU_5_dyn.dat; sourceTree = "<group>"; };
		0438FD4F1D19265F008EA36D /* AU_5_static.dat */ = {isa = PBXFileReference; lastKnownFileType = file; path = AU_5_static.dat; sourceTree = "<group>"; };
		0438FD501D19265F008EA36D /* AU_9_dyn.dat */ = {isa = PBXFileReference; lastKnownFileType = file; path = AU_9_dyn.dat; sourceTree = "<group>"; };
		0438FD511D19265F008EA36D /* AU_9_static.dat */ = {isa = PBXFileReference; lastKnownFileType = file; path = AU_9_static.dat; sourceTree = "<group>"; };
		0438FD531D19265F008EA36D /* Face_utils.h */ = {isa = PBXFileReference; fileEncoding = 4; lastKnownFileType = sourcecode.c.h; path = Face_utils.h; sourceTree = "<group>"; };
		0438FD541D19265F008EA36D /* FaceAnalyser.h */ = {isa = PBXFileReference; fileEncoding = 4; lastKnownFileType = sourcecode.c.h; path = FaceAnalyser.h; sourceTree = "<group>"; };
		0438FD551D19265F008EA36D /* GazeEstimation.h */ = {isa = PBXFileReference; fileEncoding = 4; lastKnownFileType = sourcecode.c.h; path = GazeEstimation.h; sourceTree = "<group>"; };
		0438FD561D19265F008EA36D /* SVM_dynamic_lin.h */ = {isa = PBXFileReference; fileEncoding = 4; lastKnownFileType = sourcecode.c.h; path = SVM_dynamic_lin.h; sourceTree = "<group>"; };
		0438FD571D19265F008EA36D /* SVM_static_lin.h */ = {isa = PBXFileReference; fileEncoding = 4; lastKnownFileType = sourcecode.c.h; path = SVM_static_lin.h; sourceTree = "<group>"; };
		0438FD581D19265F008EA36D /* SVR_dynamic_lin_regressors.h */ = {isa = PBXFileReference; fileEncoding = 4; lastKnownFileType = sourcecode.c.h; path = SVR_dynamic_lin_regressors.h; sourceTree = "<group>"; };
		0438FD591D19265F008EA36D /* SVR_static_lin_regressors.h */ = {isa = PBXFileReference; fileEncoding = 4; lastKnownFileType = sourcecode.c.h; path = SVR_static_lin_regressors.h; sourceTree = "<group>"; };
		0438FD5B1D19265F008EA36D /* Face_utils.cpp */ = {isa = PBXFileReference; fileEncoding = 4; lastKnownFileType = sourcecode.cpp.cpp; path = Face_utils.cpp; sourceTree = "<group>"; };
		0438FD5C1D19265F008EA36D /* FaceAnalyser.cpp */ = {isa = PBXFileReference; fileEncoding = 4; lastKnownFileType = sourcecode.cpp.cpp; path = FaceAnalyser.cpp; sourceTree = "<group>"; };
		0438FD5D1D19265F008EA36D /* GazeEstimation.cpp */ = {isa = PBXFileReference; fileEncoding = 4; lastKnownFileType = sourcecode.cpp.cpp; path = GazeEstimation.cpp; sourceTree = "<group>"; };
		0438FD5E1D19265F008EA36D /* SVM_dynamic_lin.cpp */ = {isa = PBXFileReference; fileEncoding = 4; lastKnownFileType = sourcecode.cpp.cpp; path = SVM_dynamic_lin.cpp; sourceTree = "<group>"; };
		0438FD5F1D19265F008EA36D /* SVM_static_lin.cpp */ = {isa = PBXFileReference; fileEncoding = 4; lastKnownFileType = sourcecode.cpp.cpp; path = SVM_static_lin.cpp; sourceTree = "<group>"; };
		0438FD601D19265F008EA36D /* SVR_dynamic_lin_regressors.cpp */ = {isa = PBXFileReference; fileEncoding = 4; lastKnownFileType = sourcecode.cpp.cpp; path = SVR_dynamic_lin_regressors.cpp; sourceTree = "<group>"; };
		0438FD611D19265F008EA36D /* SVR_static_lin_regressors.cpp */ = {isa = PBXFileReference; fileEncoding = 4; lastKnownFileType = sourcecode.cpp.cpp; path = SVR_static_lin_regressors.cpp; sourceTree = "<group>"; };
		0438FD721D192669008EA36D /* CCNF_patch_expert.h */ = {isa = PBXFileReference; fileEncoding = 4; lastKnownFileType = sourcecode.c.h; path = CCNF_patch_expert.h; sourceTree = "<group>"; };
		0438FD731D192669008EA36D /* LandmarkCoreIncludes.h */ = {isa = PBXFileReference; fileEncoding = 4; lastKnownFileType = sourcecode.c.h; path = LandmarkCoreIncludes.h; sourceTree = "<group>"; };
		0438FD741D192669008EA36D /* LandmarkDetectionValidator.h */ = {isa = PBXFileReference; fileEncoding = 4; lastKnownFileType = sourcecode.c.h; path = LandmarkDetectionValidator.h; sourceTree = "<group>"; };
		0438FD751D192669008EA36D /* LandmarkDetectorFunc.h */ = {isa = PBXFileReference; fileEncoding = 4; lastKnownFileType = sourcecode.c.h; path = LandmarkDetectorFunc.h; sourceTree = "<group>"; };
		0438FD761D192669008EA36D /* LandmarkDetectorModel.h */ = {isa = PBXFileReference; fileEncoding = 4; lastKnownFileType = sourcecode.c.h; path = LandmarkDetectorModel.h; sourceTree = "<group>"; };
		0438FD771D192669008EA36D /* LandmarkDetectorParameters.h */ = {isa = PBXFileReference; fileEncoding = 4; lastKnownFileType = sourcecode.c.h; path = LandmarkDetectorParameters.h; sourceTree = "<group>"; };
		0438FD781D192669008EA36D /* LandmarkDetectorUtils.h */ = {isa = PBXFileReference; fileEncoding = 4; lastKnownFileType = sourcecode.c.h; path = LandmarkDetectorUtils.h; sourceTree = "<group>"; };
		0438FD791D192669008EA36D /* Patch_experts.h */ = {isa = PBXFileReference; fileEncoding = 4; lastKnownFileType = sourcecode.c.h; path = Patch_experts.h; sourceTree = "<group>"; };
		0438FD7A1D192669008EA36D /* PAW.h */ = {isa = PBXFileReference; fileEncoding = 4; lastKnownFileType = sourcecode.c.h; path = PAW.h; sourceTree = "<group>"; };
		0438FD7B1D192669008EA36D /* PDM.h */ = {isa = PBXFileReference; fileEncoding = 4; lastKnownFileType = sourcecode.c.h; path = PDM.h; sourceTree = "<group>"; };
		0438FD7C1D192669008EA36D /* stdafx.h */ = {isa = PBXFileReference; fileEncoding = 4; lastKnownFileType = sourcecode.c.h; path = stdafx.h; sourceTree = "<group>"; };
		0438FD7D1D192669008EA36D /* SVR_patch_expert.h */ = {isa = PBXFileReference; fileEncoding = 4; lastKnownFileType = sourcecode.c.h; path = SVR_patch_expert.h; sourceTree = "<group>"; };
		0438FD7F1D192669008EA36D /* clm-z.txt */ = {isa = PBXFileReference; fileEncoding = 4; lastKnownFileType = text; path = "clm-z.txt"; sourceTree = "<group>"; };
		0438FD801D192669008EA36D /* clm_general.txt */ = {isa = PBXFileReference; fileEncoding = 4; lastKnownFileType = text; path = clm_general.txt; sourceTree = "<group>"; };
		0438FD811D192669008EA36D /* clm_wild.txt */ = {isa = PBXFileReference; fileEncoding = 4; lastKnownFileType = text; path = clm_wild.txt; sourceTree = "<group>"; };
		0438FD821D192669008EA36D /* clnf_general.txt */ = {isa = PBXFileReference; fileEncoding = 4; lastKnownFileType = text; path = clnf_general.txt; sourceTree = "<group>"; };
		0438FD831D192669008EA36D /* clnf_wild.txt */ = {isa = PBXFileReference; fileEncoding = 4; lastKnownFileType = text; path = clnf_wild.txt; sourceTree = "<group>"; };
		0438FD851D192669008EA36D /* validator_general_66.txt */ = {isa = PBXFileReference; fileEncoding = 4; lastKnownFileType = text; path = validator_general_66.txt; sourceTree = "<group>"; };
		0438FD861D192669008EA36D /* validator_general_68.txt */ = {isa = PBXFileReference; fileEncoding = 4; lastKnownFileType = text; path = validator_general_68.txt; sourceTree = "<group>"; };
		0438FD871D192669008EA36D /* haarAlign.txt */ = {isa = PBXFileReference; fileEncoding = 4; lastKnownFileType = text; path = haarAlign.txt; sourceTree = "<group>"; };
		0438FD881D192669008EA36D /* main_clm-z.txt */ = {isa = PBXFileReference; fileEncoding = 4; lastKnownFileType = text; path = "main_clm-z.txt"; sourceTree = "<group>"; };
		0438FD891D192669008EA36D /* main_clm_general.txt */ = {isa = PBXFileReference; fileEncoding = 4; lastKnownFileType = text; path = main_clm_general.txt; sourceTree = "<group>"; };
		0438FD8A1D192669008EA36D /* main_clm_wild.txt */ = {isa = PBXFileReference; fileEncoding = 4; lastKnownFileType = text; path = main_clm_wild.txt; sourceTree = "<group>"; };
		0438FD8B1D192669008EA36D /* main_clnf_general.txt */ = {isa = PBXFileReference; fileEncoding = 4; lastKnownFileType = text; path = main_clnf_general.txt; sourceTree = "<group>"; };
		0438FD8C1D192669008EA36D /* main_clnf_wild.txt */ = {isa = PBXFileReference; fileEncoding = 4; lastKnownFileType = text; path = main_clnf_wild.txt; sourceTree = "<group>"; };
		0438FD8E1D192669008EA36D /* clnf_left_synth.txt */ = {isa = PBXFileReference; fileEncoding = 4; lastKnownFileType = text; path = clnf_left_synth.txt; sourceTree = "<group>"; };
		0438FD8F1D192669008EA36D /* clnf_right_synth.txt */ = {isa = PBXFileReference; fileEncoding = 4; lastKnownFileType = text; path = clnf_right_synth.txt; sourceTree = "<group>"; };
		0438FD901D192669008EA36D /* main_clnf_synth_left.txt */ = {isa = PBXFileReference; fileEncoding = 4; lastKnownFileType = text; path = main_clnf_synth_left.txt; sourceTree = "<group>"; };
		0438FD911D192669008EA36D /* main_clnf_synth_right.txt */ = {isa = PBXFileReference; fileEncoding = 4; lastKnownFileType = text; path = main_clnf_synth_right.txt; sourceTree = "<group>"; };
		0438FD931D192669008EA36D /* ccnf_patches_1.00_synth_lid_.txt */ = {isa = PBXFileReference; fileEncoding = 4; lastKnownFileType = text; path = ccnf_patches_1.00_synth_lid_.txt; sourceTree = "<group>"; };
		0438FD941D192669008EA36D /* ccnf_patches_1.50_synth_lid_.txt */ = {isa = PBXFileReference; fileEncoding = 4; lastKnownFileType = text; path = ccnf_patches_1.50_synth_lid_.txt; sourceTree = "<group>"; };
		0438FD951D192669008EA36D /* left_ccnf_patches_1.00_synth_lid_.txt */ = {isa = PBXFileReference; fileEncoding = 4; lastKnownFileType = text; path = left_ccnf_patches_1.00_synth_lid_.txt; sourceTree = "<group>"; };
		0438FD961D192669008EA36D /* left_ccnf_patches_1.50_synth_lid_.txt */ = {isa = PBXFileReference; fileEncoding = 4; lastKnownFileType = text; path = left_ccnf_patches_1.50_synth_lid_.txt; sourceTree = "<group>"; };
		0438FD981D192669008EA36D /* pdm_28_eye_3D_closed.txt */ = {isa = PBXFileReference; fileEncoding = 4; lastKnownFileType = text; path = pdm_28_eye_3D_closed.txt; sourceTree = "<group>"; };
		0438FD991D192669008EA36D /* pdm_28_l_eye_3D_closed.txt */ = {isa = PBXFileReference; fileEncoding = 4; lastKnownFileType = text; path = pdm_28_l_eye_3D_closed.txt; sourceTree = "<group>"; };
		0438FD9B1D192669008EA36D /* clnf_inner.txt */ = {isa = PBXFileReference; fileEncoding = 4; lastKnownFileType = text; path = clnf_inner.txt; sourceTree = "<group>"; };
		0438FD9C1D192669008EA36D /* main_clnf_inner.txt */ = {isa = PBXFileReference; fileEncoding = 4; lastKnownFileType = text; path = main_clnf_inner.txt; sourceTree = "<group>"; };
		0438FD9E1D192669008EA36D /* ccnf_patches_1.00_inner.txt */ = {isa = PBXFileReference; fileEncoding = 4; lastKnownFileType = text; path = ccnf_patches_1.00_inner.txt; sourceTree = "<group>"; };
		0438FDA01D192669008EA36D /* pdm_51_inner.txt */ = {isa = PBXFileReference; fileEncoding = 4; lastKnownFileType = text; path = pdm_51_inner.txt; sourceTree = "<group>"; };
		0438FDA21D192669008EA36D /* ccnf_patches_0.25_general.txt */ = {isa = PBXFileReference; fileEncoding = 4; lastKnownFileType = text; path = ccnf_patches_0.25_general.txt; sourceTree = "<group>"; };
		0438FDA31D192669008EA36D /* ccnf_patches_0.25_wild.txt */ = {isa = PBXFileReference; fileEncoding = 4; lastKnownFileType = text; path = ccnf_patches_0.25_wild.txt; sourceTree = "<group>"; };
		0438FDA41D192669008EA36D /* ccnf_patches_0.35_general.txt */ = {isa = PBXFileReference; fileEncoding = 4; lastKnownFileType = text; path = ccnf_patches_0.35_general.txt; sourceTree = "<group>"; };
		0438FDA51D192669008EA36D /* ccnf_patches_0.35_wild.txt */ = {isa = PBXFileReference; fileEncoding = 4; lastKnownFileType = text; path = ccnf_patches_0.35_wild.txt; sourceTree = "<group>"; };
		0438FDA61D192669008EA36D /* ccnf_patches_0.5_general.txt */ = {isa = PBXFileReference; fileEncoding = 4; lastKnownFileType = text; path = ccnf_patches_0.5_general.txt; sourceTree = "<group>"; };
		0438FDA71D192669008EA36D /* ccnf_patches_0.5_wild.txt */ = {isa = PBXFileReference; fileEncoding = 4; lastKnownFileType = text; path = ccnf_patches_0.5_wild.txt; sourceTree = "<group>"; };
		0438FDA81D192669008EA36D /* ccnf_patches_1_wild.txt */ = {isa = PBXFileReference; fileEncoding = 4; lastKnownFileType = text; path = ccnf_patches_1_wild.txt; sourceTree = "<group>"; };
		0438FDA91D192669008EA36D /* depth_patches_0.25.txt */ = {isa = PBXFileReference; fileEncoding = 4; lastKnownFileType = text; path = depth_patches_0.25.txt; sourceTree = "<group>"; };
		0438FDAA1D192669008EA36D /* depth_patches_0.35.txt */ = {isa = PBXFileReference; fileEncoding = 4; lastKnownFileType = text; path = depth_patches_0.35.txt; sourceTree = "<group>"; };
		0438FDAB1D192669008EA36D /* depth_patches_0.5.txt */ = {isa = PBXFileReference; fileEncoding = 4; lastKnownFileType = text; path = depth_patches_0.5.txt; sourceTree = "<group>"; };
		0438FDAC1D192669008EA36D /* intensity_patches_0.25.txt */ = {isa = PBXFileReference; fileEncoding = 4; lastKnownFileType = text; path = intensity_patches_0.25.txt; sourceTree = "<group>"; };
		0438FDAD1D192669008EA36D /* intensity_patches_0.35.txt */ = {isa = PBXFileReference; fileEncoding = 4; lastKnownFileType = text; path = intensity_patches_0.35.txt; sourceTree = "<group>"; };
		0438FDAE1D192669008EA36D /* intensity_patches_0.5.txt */ = {isa = PBXFileReference; fileEncoding = 4; lastKnownFileType = text; path = intensity_patches_0.5.txt; sourceTree = "<group>"; };
		0438FDAF1D192669008EA36D /* svr_patches_0.25_general.txt */ = {isa = PBXFileReference; fileEncoding = 4; lastKnownFileType = text; path = svr_patches_0.25_general.txt; sourceTree = "<group>"; };
		0438FDB01D192669008EA36D /* svr_patches_0.25_wild.txt */ = {isa = PBXFileReference; fileEncoding = 4; lastKnownFileType = text; path = svr_patches_0.25_wild.txt; sourceTree = "<group>"; };
		0438FDB11D192669008EA36D /* svr_patches_0.35_general.txt */ = {isa = PBXFileReference; fileEncoding = 4; lastKnownFileType = text; path = svr_patches_0.35_general.txt; sourceTree = "<group>"; };
		0438FDB21D192669008EA36D /* svr_patches_0.35_wild.txt */ = {isa = PBXFileReference; fileEncoding = 4; lastKnownFileType = text; path = svr_patches_0.35_wild.txt; sourceTree = "<group>"; };
		0438FDB31D192669008EA36D /* svr_patches_0.5_general.txt */ = {isa = PBXFileReference; fileEncoding = 4; lastKnownFileType = text; path = svr_patches_0.5_general.txt; sourceTree = "<group>"; };
		0438FDB41D192669008EA36D /* svr_patches_0.5_wild.txt */ = {isa = PBXFileReference; fileEncoding = 4; lastKnownFileType = text; path = svr_patches_0.5_wild.txt; sourceTree = "<group>"; };
		0438FDB61D192669008EA36D /* In-the-wild_aligned_PDM_68.txt */ = {isa = PBXFileReference; fileEncoding = 4; lastKnownFileType = text; path = "In-the-wild_aligned_PDM_68.txt"; sourceTree = "<group>"; };
		0438FDB71D192669008EA36D /* Multi-PIE_aligned_PDM_66.txt */ = {isa = PBXFileReference; fileEncoding = 4; lastKnownFileType = text; path = "Multi-PIE_aligned_PDM_66.txt"; sourceTree = "<group>"; };
		0438FDB81D192669008EA36D /* Multi-PIE_aligned_PDM_68.txt */ = {isa = PBXFileReference; fileEncoding = 4; lastKnownFileType = text; path = "Multi-PIE_aligned_PDM_68.txt"; sourceTree = "<group>"; };
		0438FDB91D192669008EA36D /* tris_66.txt */ = {isa = PBXFileReference; fileEncoding = 4; lastKnownFileType = text; path = tris_66.txt; sourceTree = "<group>"; };
		0438FDBA1D192669008EA36D /* tris_68.txt */ = {isa = PBXFileReference; fileEncoding = 4; lastKnownFileType = text; path = tris_68.txt; sourceTree = "<group>"; };
		0438FDBB1D192669008EA36D /* tris_68_full.txt */ = {isa = PBXFileReference; fileEncoding = 4; lastKnownFileType = text; path = tris_68_full.txt; sourceTree = "<group>"; };
		0438FDBD1D192669008EA36D /* CCNF_patch_expert.cpp */ = {isa = PBXFileReference; fileEncoding = 4; lastKnownFileType = sourcecode.cpp.cpp; path = CCNF_patch_expert.cpp; sourceTree = "<group>"; };
		0438FDBE1D192669008EA36D /* LandmarkDetectionValidator.cpp */ = {isa = PBXFileReference; fileEncoding = 4; lastKnownFileType = sourcecode.cpp.cpp; path = LandmarkDetectionValidator.cpp; sourceTree = "<group>"; };
		0438FDBF1D192669008EA36D /* LandmarkDetectorFunc.cpp */ = {isa = PBXFileReference; fileEncoding = 4; lastKnownFileType = sourcecode.cpp.cpp; path = LandmarkDetectorFunc.cpp; sourceTree = "<group>"; };
		0438FDC01D192669008EA36D /* LandmarkDetectorModel.cpp */ = {isa = PBXFileReference; fileEncoding = 4; lastKnownFileType = sourcecode.cpp.cpp; path = LandmarkDetectorModel.cpp; sourceTree = "<group>"; };
		0438FDC11D192669008EA36D /* LandmarkDetectorParameters.cpp */ = {isa = PBXFileReference; fileEncoding = 4; lastKnownFileType = sourcecode.cpp.cpp; path = LandmarkDetectorParameters.cpp; sourceTree = "<group>"; };
		0438FDC21D192669008EA36D /* LandmarkDetectorUtils.cpp */ = {isa = PBXFileReference; fileEncoding = 4; lastKnownFileType = sourcecode.cpp.cpp; path = LandmarkDetectorUtils.cpp; sourceTree = "<group>"; };
		0438FDC31D192669008EA36D /* Patch_experts.cpp */ = {isa = PBXFileReference; fileEncoding = 4; lastKnownFileType = sourcecode.cpp.cpp; path = Patch_experts.cpp; sourceTree = "<group>"; };
		0438FDC41D192669008EA36D /* PAW.cpp */ = {isa = PBXFileReference; fileEncoding = 4; lastKnownFileType = sourcecode.cpp.cpp; path = PAW.cpp; sourceTree = "<group>"; };
		0438FDC51D192669008EA36D /* PDM.cpp */ = {isa = PBXFileReference; fileEncoding = 4; lastKnownFileType = sourcecode.cpp.cpp; path = PDM.cpp; sourceTree = "<group>"; };
		0438FDC61D192669008EA36D /* stdafx.cpp */ = {isa = PBXFileReference; fileEncoding = 4; lastKnownFileType = sourcecode.cpp.cpp; path = stdafx.cpp; sourceTree = "<group>"; };
		0438FDC71D192669008EA36D /* SVR_patch_expert.cpp */ = {isa = PBXFileReference; fileEncoding = 4; lastKnownFileType = sourcecode.cpp.cpp; path = SVR_patch_expert.cpp; sourceTree = "<group>"; };
		0438FDE01D1926B6008EA36D /* codecvt_error_category.cpp */ = {isa = PBXFileReference; fileEncoding = 4; lastKnownFileType = sourcecode.cpp.cpp; name = codecvt_error_category.cpp; path = ios_mac/boost/libs/filesystem/src/codecvt_error_category.cpp; sourceTree = "<group>"; };
		0438FDE11D1926B6008EA36D /* operations.cpp */ = {isa = PBXFileReference; fileEncoding = 4; lastKnownFileType = sourcecode.cpp.cpp; name = operations.cpp; path = ios_mac/boost/libs/filesystem/src/operations.cpp; sourceTree = "<group>"; };
		0438FDE21D1926B6008EA36D /* path_traits.cpp */ = {isa = PBXFileReference; fileEncoding = 4; lastKnownFileType = sourcecode.cpp.cpp; name = path_traits.cpp; path = ios_mac/boost/libs/filesystem/src/path_traits.cpp; sourceTree = "<group>"; };
		0438FDE31D1926B6008EA36D /* path.cpp */ = {isa = PBXFileReference; fileEncoding = 4; lastKnownFileType = sourcecode.cpp.cpp; name = path.cpp; path = ios_mac/boost/libs/filesystem/src/path.cpp; sourceTree = "<group>"; };
		0438FDE41D1926B6008EA36D /* portability.cpp */ = {isa = PBXFileReference; fileEncoding = 4; lastKnownFileType = sourcecode.cpp.cpp; name = portability.cpp; path = ios_mac/boost/libs/filesystem/src/portability.cpp; sourceTree = "<group>"; };
		0438FDE51D1926B6008EA36D /* unique_path.cpp */ = {isa = PBXFileReference; fileEncoding = 4; lastKnownFileType = sourcecode.cpp.cpp; name = unique_path.cpp; path = ios_mac/boost/libs/filesystem/src/unique_path.cpp; sourceTree = "<group>"; };
		0438FDE61D1926B6008EA36D /* utf8_codecvt_facet.cpp */ = {isa = PBXFileReference; fileEncoding = 4; lastKnownFileType = sourcecode.cpp.cpp; name = utf8_codecvt_facet.cpp; path = ios_mac/boost/libs/filesystem/src/utf8_codecvt_facet.cpp; sourceTree = "<group>"; };
		0438FDE71D1926B6008EA36D /* windows_file_codecvt.cpp */ = {isa = PBXFileReference; fileEncoding = 4; lastKnownFileType = sourcecode.cpp.cpp; name = windows_file_codecvt.cpp; path = ios_mac/boost/libs/filesystem/src/windows_file_codecvt.cpp; sourceTree = "<group>"; };
		0438FDE81D1926B6008EA36D /* windows_file_codecvt.hpp */ = {isa = PBXFileReference; fileEncoding = 4; lastKnownFileType = sourcecode.cpp.h; name = windows_file_codecvt.hpp; path = ios_mac/boost/libs/filesystem/src/windows_file_codecvt.hpp; sourceTree = "<group>"; };
		0438FDFA1D1926C9008EA36D /* error_code.cpp */ = {isa = PBXFileReference; fileEncoding = 4; lastKnownFileType = sourcecode.cpp.cpp; name = error_code.cpp; path = ios_mac/boost/libs/system/src/error_code.cpp; sourceTree = "<group>"; };
		045A38631D1921C100A8F47B /* FaceLandmarkVid.cpp */ = {isa = PBXFileReference; fileEncoding = 4; lastKnownFileType = sourcecode.cpp.cpp; name = FaceLandmarkVid.cpp; path = ios_mac/mac/FaceLandmarkVid.cpp; sourceTree = "<group>"; };
		045A38651D1921D500A8F47B /* facelib.xcodeproj */ = {isa = PBXFileReference; lastKnownFileType = "wrapper.pb-project"; name = facelib.xcodeproj; path = build/facelib.xcodeproj; sourceTree = "<group>"; };
		045A38871D1921F500A8F47B /* dbt_face_detection.cpp */ = {isa = PBXFileReference; fileEncoding = 4; lastKnownFileType = sourcecode.cpp.cpp; name = dbt_face_detection.cpp; path = ios_mac/mac/dbt_face_detection.cpp; sourceTree = "<group>"; };
		152B056170DB435CB6AD8C3F /* cpp-example-facedetect */ = {isa = PBXFileReference; explicitFileType = "compiled.mach-o.executable"; path = "cpp-example-facedetect"; sourceTree = BUILT_PRODUCTS_DIR; };
		B268982964C14E9782A231D8 /* cpp-example-dbt_face_detection */ = {isa = PBXFileReference; explicitFileType = "compiled.mach-o.executable"; path = "cpp-example-dbt_face_detection"; sourceTree = BUILT_PRODUCTS_DIR; };
/* End PBXFileReference section */

/* Begin PBXGroup section */
		0438FD211D19263A008EA36D /* dlib */ = {
			isa = PBXGroup;
			children = (
				0438FD221D192646008EA36D /* source.cpp */,
			);
			name = dlib;
			sourceTree = "<group>";
		};
		0438FD251D19265F008EA36D /* FaceAnalyser */ = {
			isa = PBXGroup;
			children = (
				0438FD261D19265F008EA36D /* AU_predictors */,
				0438FD521D19265F008EA36D /* include */,
				0438FD5A1D19265F008EA36D /* src */,
			);
			name = FaceAnalyser;
			path = ios_mac/FaceAnalyser;
			sourceTree = "<group>";
		};
		0438FD261D19265F008EA36D /* AU_predictors */ = {
			isa = PBXGroup;
			children = (
				0438FD271D19265F008EA36D /* AU_all_best.txt */,
				0438FD281D19265F008EA36D /* AU_all_static.txt */,
				0438FD291D19265F008EA36D /* svm_bp4d */,
				0438FD2C1D19265F008EA36D /* svm_combined */,
				0438FD361D19265F008EA36D /* svm_semaine */,
				0438FD3A1D19265F008EA36D /* svr_bp4d */,
				0438FD3D1D19265F008EA36D /* svr_combined */,
				0438FD411D19265F008EA36D /* svr_disfa */,
			);
			path = AU_predictors;
			sourceTree = "<group>";
		};
		0438FD291D19265F008EA36D /* svm_bp4d */ = {
			isa = PBXGroup;
			children = (
				0438FD2A1D19265F008EA36D /* AU_23_static.dat */,
				0438FD2B1D19265F008EA36D /* AU_7_static.dat */,
			);
			path = svm_bp4d;
			sourceTree = "<group>";
		};
		0438FD2C1D19265F008EA36D /* svm_combined */ = {
			isa = PBXGroup;
			children = (
				0438FD2D1D19265F008EA36D /* AU_12_static_combined_all.dat */,
				0438FD2E1D19265F008EA36D /* AU_15_dynamic_combined_all.dat */,
				0438FD2F1D19265F008EA36D /* AU_15_static_combined_all.dat */,
				0438FD301D19265F008EA36D /* AU_1_static_combined_all.dat */,
				0438FD311D19265F008EA36D /* AU_25_static_combined_all.dat */,
				0438FD321D19265F008EA36D /* AU_2_dynamic_combined_all.dat */,
				0438FD331D19265F008EA36D /* AU_2_static_combined_all.dat */,
				0438FD341D19265F008EA36D /* AU_4_dynamic_combined_all.dat */,
				0438FD351D19265F008EA36D /* AU_4_static_combined_all.dat */,
			);
			path = svm_combined;
			sourceTree = "<group>";
		};
		0438FD361D19265F008EA36D /* svm_semaine */ = {
			isa = PBXGroup;
			children = (
				0438FD371D19265F008EA36D /* AU_28_static.dat */,
				0438FD381D19265F008EA36D /* AU_45_dynamic.dat */,
				0438FD391D19265F008EA36D /* AU_45_static.dat */,
			);
			path = svm_semaine;
			sourceTree = "<group>";
		};
		0438FD3A1D19265F008EA36D /* svr_bp4d */ = {
			isa = PBXGroup;
			children = (
				0438FD3B1D19265F008EA36D /* AU_10_static_intensity.dat */,
				0438FD3C1D19265F008EA36D /* AU_14_static_intensity.dat */,
			);
			path = svr_bp4d;
			sourceTree = "<group>";
		};
		0438FD3D1D19265F008EA36D /* svr_combined */ = {
			isa = PBXGroup;
			children = (
				0438FD3E1D19265F008EA36D /* AU_12_static_intensity_combined.dat */,
				0438FD3F1D19265F008EA36D /* AU_17_static_intensity_combined.dat */,
				0438FD401D19265F008EA36D /* AU_6_static_intensity_combined.dat */,
			);
			path = svr_combined;
			sourceTree = "<group>";
		};
		0438FD411D19265F008EA36D /* svr_disfa */ = {
			isa = PBXGroup;
			children = (
				0438FD421D19265F008EA36D /* AU_15_dyn.dat */,
				0438FD431D19265F008EA36D /* AU_15_static.dat */,
				0438FD441D19265F008EA36D /* AU_1_dyn.dat */,
				0438FD451D19265F008EA36D /* AU_1_static.dat */,
				0438FD461D19265F008EA36D /* AU_20_dyn.dat */,
				0438FD471D19265F008EA36D /* AU_20_static.dat */,
				0438FD481D19265F008EA36D /* AU_25_static.dat */,
				0438FD491D19265F008EA36D /* AU_26_dyn.dat */,
				0438FD4A1D19265F008EA36D /* AU_26_static.dat */,
				0438FD4B1D19265F008EA36D /* AU_2_dyn.dat */,
				0438FD4C1D19265F008EA36D /* AU_2_static.dat */,
				0438FD4D1D19265F008EA36D /* AU_4_static.dat */,
				0438FD4E1D19265F008EA36D /* AU_5_dyn.dat */,
				0438FD4F1D19265F008EA36D /* AU_5_static.dat */,
				0438FD501D19265F008EA36D /* AU_9_dyn.dat */,
				0438FD511D19265F008EA36D /* AU_9_static.dat */,
			);
			path = svr_disfa;
			sourceTree = "<group>";
		};
		0438FD521D19265F008EA36D /* include */ = {
			isa = PBXGroup;
			children = (
				0438FD531D19265F008EA36D /* Face_utils.h */,
				0438FD541D19265F008EA36D /* FaceAnalyser.h */,
				0438FD551D19265F008EA36D /* GazeEstimation.h */,
				0438FD561D19265F008EA36D /* SVM_dynamic_lin.h */,
				0438FD571D19265F008EA36D /* SVM_static_lin.h */,
				0438FD581D19265F008EA36D /* SVR_dynamic_lin_regressors.h */,
				0438FD591D19265F008EA36D /* SVR_static_lin_regressors.h */,
			);
			path = include;
			sourceTree = "<group>";
		};
		0438FD5A1D19265F008EA36D /* src */ = {
			isa = PBXGroup;
			children = (
				0438FD5B1D19265F008EA36D /* Face_utils.cpp */,
				0438FD5C1D19265F008EA36D /* FaceAnalyser.cpp */,
				0438FD5D1D19265F008EA36D /* GazeEstimation.cpp */,
				0438FD5E1D19265F008EA36D /* SVM_dynamic_lin.cpp */,
				0438FD5F1D19265F008EA36D /* SVM_static_lin.cpp */,
				0438FD601D19265F008EA36D /* SVR_dynamic_lin_regressors.cpp */,
				0438FD611D19265F008EA36D /* SVR_static_lin_regressors.cpp */,
			);
			path = src;
			sourceTree = "<group>";
		};
		0438FD701D192669008EA36D /* LandmarkDetector */ = {
			isa = PBXGroup;
			children = (
				0438FD711D192669008EA36D /* include */,
				0438FD7E1D192669008EA36D /* model */,
				0438FDBC1D192669008EA36D /* src */,
			);
			name = LandmarkDetector;
			path = ios_mac/LandmarkDetector;
			sourceTree = "<group>";
		};
		0438FD711D192669008EA36D /* include */ = {
			isa = PBXGroup;
			children = (
				0438FD721D192669008EA36D /* CCNF_patch_expert.h */,
				0438FD731D192669008EA36D /* LandmarkCoreIncludes.h */,
				0438FD741D192669008EA36D /* LandmarkDetectionValidator.h */,
				0438FD751D192669008EA36D /* LandmarkDetectorFunc.h */,
				0438FD761D192669008EA36D /* LandmarkDetectorModel.h */,
				0438FD771D192669008EA36D /* LandmarkDetectorParameters.h */,
				0438FD781D192669008EA36D /* LandmarkDetectorUtils.h */,
				0438FD791D192669008EA36D /* Patch_experts.h */,
				0438FD7A1D192669008EA36D /* PAW.h */,
				0438FD7B1D192669008EA36D /* PDM.h */,
				0438FD7C1D192669008EA36D /* stdafx.h */,
				0438FD7D1D192669008EA36D /* SVR_patch_expert.h */,
			);
			path = include;
			sourceTree = "<group>";
		};
		0438FD7E1D192669008EA36D /* model */ = {
			isa = PBXGroup;
			children = (
				0438FD7F1D192669008EA36D /* clm-z.txt */,
				0438FD801D192669008EA36D /* clm_general.txt */,
				0438FD811D192669008EA36D /* clm_wild.txt */,
				0438FD821D192669008EA36D /* clnf_general.txt */,
				0438FD831D192669008EA36D /* clnf_wild.txt */,
				0438FD841D192669008EA36D /* detection_validation */,
				0438FD871D192669008EA36D /* haarAlign.txt */,
				0438FD881D192669008EA36D /* main_clm-z.txt */,
				0438FD891D192669008EA36D /* main_clm_general.txt */,
				0438FD8A1D192669008EA36D /* main_clm_wild.txt */,
				0438FD8B1D192669008EA36D /* main_clnf_general.txt */,
				0438FD8C1D192669008EA36D /* main_clnf_wild.txt */,
				0438FD8D1D192669008EA36D /* model_eye */,
				0438FD9A1D192669008EA36D /* model_inner */,
				0438FDA11D192669008EA36D /* patch_experts */,
				0438FDB51D192669008EA36D /* pdms */,
				0438FDB91D192669008EA36D /* tris_66.txt */,
				0438FDBA1D192669008EA36D /* tris_68.txt */,
				0438FDBB1D192669008EA36D /* tris_68_full.txt */,
			);
			path = model;
			sourceTree = "<group>";
		};
		0438FD841D192669008EA36D /* detection_validation */ = {
			isa = PBXGroup;
			children = (
				0438FD851D192669008EA36D /* validator_general_66.txt */,
				0438FD861D192669008EA36D /* validator_general_68.txt */,
			);
			path = detection_validation;
			sourceTree = "<group>";
		};
		0438FD8D1D192669008EA36D /* model_eye */ = {
			isa = PBXGroup;
			children = (
				0438FD8E1D192669008EA36D /* clnf_left_synth.txt */,
				0438FD8F1D192669008EA36D /* clnf_right_synth.txt */,
				0438FD901D192669008EA36D /* main_clnf_synth_left.txt */,
				0438FD911D192669008EA36D /* main_clnf_synth_right.txt */,
				0438FD921D192669008EA36D /* patch_experts */,
				0438FD971D192669008EA36D /* pdms */,
			);
			path = model_eye;
			sourceTree = "<group>";
		};
		0438FD921D192669008EA36D /* patch_experts */ = {
			isa = PBXGroup;
			children = (
				0438FD931D192669008EA36D /* ccnf_patches_1.00_synth_lid_.txt */,
				0438FD941D192669008EA36D /* ccnf_patches_1.50_synth_lid_.txt */,
				0438FD951D192669008EA36D /* left_ccnf_patches_1.00_synth_lid_.txt */,
				0438FD961D192669008EA36D /* left_ccnf_patches_1.50_synth_lid_.txt */,
			);
			path = patch_experts;
			sourceTree = "<group>";
		};
		0438FD971D192669008EA36D /* pdms */ = {
			isa = PBXGroup;
			children = (
				0438FD981D192669008EA36D /* pdm_28_eye_3D_closed.txt */,
				0438FD991D192669008EA36D /* pdm_28_l_eye_3D_closed.txt */,
			);
			path = pdms;
			sourceTree = "<group>";
		};
		0438FD9A1D192669008EA36D /* model_inner */ = {
			isa = PBXGroup;
			children = (
				0438FD9B1D192669008EA36D /* clnf_inner.txt */,
				0438FD9C1D192669008EA36D /* main_clnf_inner.txt */,
				0438FD9D1D192669008EA36D /* patch_experts */,
				0438FD9F1D192669008EA36D /* pdms */,
			);
			path = model_inner;
			sourceTree = "<group>";
		};
		0438FD9D1D192669008EA36D /* patch_experts */ = {
			isa = PBXGroup;
			children = (
				0438FD9E1D192669008EA36D /* ccnf_patches_1.00_inner.txt */,
			);
			path = patch_experts;
			sourceTree = "<group>";
		};
		0438FD9F1D192669008EA36D /* pdms */ = {
			isa = PBXGroup;
			children = (
				0438FDA01D192669008EA36D /* pdm_51_inner.txt */,
			);
			path = pdms;
			sourceTree = "<group>";
		};
		0438FDA11D192669008EA36D /* patch_experts */ = {
			isa = PBXGroup;
			children = (
				0438FDA21D192669008EA36D /* ccnf_patches_0.25_general.txt */,
				0438FDA31D192669008EA36D /* ccnf_patches_0.25_wild.txt */,
				0438FDA41D192669008EA36D /* ccnf_patches_0.35_general.txt */,
				0438FDA51D192669008EA36D /* ccnf_patches_0.35_wild.txt */,
				0438FDA61D192669008EA36D /* ccnf_patches_0.5_general.txt */,
				0438FDA71D192669008EA36D /* ccnf_patches_0.5_wild.txt */,
				0438FDA81D192669008EA36D /* ccnf_patches_1_wild.txt */,
				0438FDA91D192669008EA36D /* depth_patches_0.25.txt */,
				0438FDAA1D192669008EA36D /* depth_patches_0.35.txt */,
				0438FDAB1D192669008EA36D /* depth_patches_0.5.txt */,
				0438FDAC1D192669008EA36D /* intensity_patches_0.25.txt */,
				0438FDAD1D192669008EA36D /* intensity_patches_0.35.txt */,
				0438FDAE1D192669008EA36D /* intensity_patches_0.5.txt */,
				0438FDAF1D192669008EA36D /* svr_patches_0.25_general.txt */,
				0438FDB01D192669008EA36D /* svr_patches_0.25_wild.txt */,
				0438FDB11D192669008EA36D /* svr_patches_0.35_general.txt */,
				0438FDB21D192669008EA36D /* svr_patches_0.35_wild.txt */,
				0438FDB31D192669008EA36D /* svr_patches_0.5_general.txt */,
				0438FDB41D192669008EA36D /* svr_patches_0.5_wild.txt */,
			);
			path = patch_experts;
			sourceTree = "<group>";
		};
		0438FDB51D192669008EA36D /* pdms */ = {
			isa = PBXGroup;
			children = (
				0438FDB61D192669008EA36D /* In-the-wild_aligned_PDM_68.txt */,
				0438FDB71D192669008EA36D /* Multi-PIE_aligned_PDM_66.txt */,
				0438FDB81D192669008EA36D /* Multi-PIE_aligned_PDM_68.txt */,
			);
			path = pdms;
			sourceTree = "<group>";
		};
		0438FDBC1D192669008EA36D /* src */ = {
			isa = PBXGroup;
			children = (
				0438FDBD1D192669008EA36D /* CCNF_patch_expert.cpp */,
				0438FDBE1D192669008EA36D /* LandmarkDetectionValidator.cpp */,
				0438FDBF1D192669008EA36D /* LandmarkDetectorFunc.cpp */,
				0438FDC01D192669008EA36D /* LandmarkDetectorModel.cpp */,
				0438FDC11D192669008EA36D /* LandmarkDetectorParameters.cpp */,
				0438FDC21D192669008EA36D /* LandmarkDetectorUtils.cpp */,
				0438FDC31D192669008EA36D /* Patch_experts.cpp */,
				0438FDC41D192669008EA36D /* PAW.cpp */,
				0438FDC51D192669008EA36D /* PDM.cpp */,
				0438FDC61D192669008EA36D /* stdafx.cpp */,
				0438FDC71D192669008EA36D /* SVR_patch_expert.cpp */,
			);
			path = src;
			sourceTree = "<group>";
		};
		0438FDDE1D192695008EA36D /* boost */ = {
			isa = PBXGroup;
			children = (
				0438FDF91D1926C0008EA36D /* system */,
				0438FDDF1D1926A7008EA36D /* filesystem */,
			);
			name = boost;
			sourceTree = "<group>";
		};
		0438FDDF1D1926A7008EA36D /* filesystem */ = {
			isa = PBXGroup;
			children = (
				0438FDE01D1926B6008EA36D /* codecvt_error_category.cpp */,
				0438FDE11D1926B6008EA36D /* operations.cpp */,
				0438FDE21D1926B6008EA36D /* path_traits.cpp */,
				0438FDE31D1926B6008EA36D /* path.cpp */,
				0438FDE41D1926B6008EA36D /* portability.cpp */,
				0438FDE51D1926B6008EA36D /* unique_path.cpp */,
				0438FDE61D1926B6008EA36D /* utf8_codecvt_facet.cpp */,
				0438FDE71D1926B6008EA36D /* windows_file_codecvt.cpp */,
				0438FDE81D1926B6008EA36D /* windows_file_codecvt.hpp */,
			);
			name = filesystem;
			sourceTree = "<group>";
		};
		0438FDF91D1926C0008EA36D /* system */ = {
			isa = PBXGroup;
			children = (
				0438FDFA1D1926C9008EA36D /* error_code.cpp */,
			);
			name = system;
			sourceTree = "<group>";
		};
		045A38611D1921A500A8F47B /* mac */ = {
			isa = PBXGroup;
			children = (
				045A38861D1921EA00A8F47B /* dbt_face_detection */,
				045A38621D1921B000A8F47B /* facedetect */,
			);
			name = mac;
			sourceTree = "<group>";
		};
		045A38621D1921B000A8F47B /* facedetect */ = {
			isa = PBXGroup;
			children = (
				045A38631D1921C100A8F47B /* FaceLandmarkVid.cpp */,
			);
			name = facedetect;
			sourceTree = "<group>";
		};
		045A38661D1921D500A8F47B /* Products */ = {
			isa = PBXGroup;
			children = (
				045A38731D1921D500A8F47B /* libzlib.a */,
				045A38751D1921D500A8F47B /* liblibtiff.a */,
				045A38771D1921D500A8F47B /* liblibjpeg.a */,
				045A38791D1921D500A8F47B /* liblibwebp.a */,
				045A387B1D1921D500A8F47B /* liblibjasper.a */,
				045A387D1D1921D500A8F47B /* liblibpng.a */,
				045A387F1D1921D500A8F47B /* libIlmImf.a */,
				045A38811D1921D500A8F47B /* libopencv_world.3.1.0.dylib */,
				045A38831D1921D500A8F47B /* libopencv_world_object.a */,
				045A38851D1921D500A8F47B /* libopencv_ts.a */,
			);
			name = Products;
			sourceTree = "<group>";
		};
		045A38861D1921EA00A8F47B /* dbt_face_detection */ = {
			isa = PBXGroup;
			children = (
				045A38871D1921F500A8F47B /* dbt_face_detection.cpp */,
			);
			name = dbt_face_detection;
			sourceTree = "<group>";
		};
		46C0D083501444F8BD98A53E /* Sources */ = {
			isa = PBXGroup;
			children = (
				0438FDDE1D192695008EA36D /* boost */,
				0438FD701D192669008EA36D /* LandmarkDetector */,
				0438FD251D19265F008EA36D /* FaceAnalyser */,
				0438FD211D19263A008EA36D /* dlib */,
				045A38611D1921A500A8F47B /* mac */,
			);
			name = Sources;
			sourceTree = "<group>";
		};
		90682E128AC94FE6AF64EAFD /* Products */ = {
			isa = PBXGroup;
			children = (
				152B056170DB435CB6AD8C3F /* cpp-example-facedetect */,
				B268982964C14E9782A231D8 /* cpp-example-dbt_face_detection */,
			);
			name = Products;
			sourceTree = "<group>";
		};
		A5809045022E430986BB818E = {
			isa = PBXGroup;
			children = (
				045A38651D1921D500A8F47B /* facelib.xcodeproj */,
				46C0D083501444F8BD98A53E /* Sources */,
				90682E128AC94FE6AF64EAFD /* Products */,
			);
			sourceTree = "<group>";
		};
/* End PBXGroup section */

/* Begin PBXNativeTarget section */
		9219D549BA63440F8ABEF38B /* example_facedetect */ = {
			isa = PBXNativeTarget;
			buildConfigurationList = E31E7B33963E4E15A415EE7D /* Build configuration list for PBXNativeTarget "example_facedetect" */;
			buildPhases = (
				800DE0D8206A44139FB5011E /* Sources */,
			);
			buildRules = (
			);
			dependencies = (
			);
			name = example_facedetect;
			productName = example_facedetect;
			productReference = 152B056170DB435CB6AD8C3F /* cpp-example-facedetect */;
			productType = "com.apple.product-type.tool";
		};
		B384F8F8CACC4777999148D6 /* example_dbt_face_detection */ = {
			isa = PBXNativeTarget;
			buildConfigurationList = EDE12DE6D73E4D8A81D19EAF /* Build configuration list for PBXNativeTarget "example_dbt_face_detection" */;
			buildPhases = (
				F2957AD25CF44503B813E44A /* Sources */,
			);
			buildRules = (
			);
			dependencies = (
			);
			name = example_dbt_face_detection;
			productName = example_dbt_face_detection;
			productReference = B268982964C14E9782A231D8 /* cpp-example-dbt_face_detection */;
			productType = "com.apple.product-type.tool";
		};
/* End PBXNativeTarget section */

/* Begin PBXProject section */
		48913B05C3044C748DA9685E /* Project object */ = {
			isa = PBXProject;
			attributes = {
				BuildIndependentTargetsInParallel = YES;
			};
			buildConfigurationList = 31196B6A6CCB49088406C9D6 /* Build configuration list for PBXProject "face_detector" */;
			compatibilityVersion = "Xcode 3.2";
			developmentRegion = English;
			hasScannedForEncodings = 0;
			knownRegions = (
				en,
			);
			mainGroup = A5809045022E430986BB818E;
			projectDirPath = ..;
			projectReferences = (
				{
					ProductGroup = 045A38661D1921D500A8F47B /* Products */;
					ProjectRef = 045A38651D1921D500A8F47B /* facelib.xcodeproj */;
				},
			);
			projectRoot = "";
			targets = (
				9219D549BA63440F8ABEF38B /* example_facedetect */,
				B384F8F8CACC4777999148D6 /* example_dbt_face_detection */,
			);
		};
/* End PBXProject section */

/* Begin PBXReferenceProxy section */
		045A38731D1921D500A8F47B /* libzlib.a */ = {
			isa = PBXReferenceProxy;
			fileType = archive.ar;
			path = libzlib.a;
			remoteRef = 045A38721D1921D500A8F47B /* PBXContainerItemProxy */;
			sourceTree = BUILT_PRODUCTS_DIR;
		};
		045A38751D1921D500A8F47B /* liblibtiff.a */ = {
			isa = PBXReferenceProxy;
			fileType = archive.ar;
			path = liblibtiff.a;
			remoteRef = 045A38741D1921D500A8F47B /* PBXContainerItemProxy */;
			sourceTree = BUILT_PRODUCTS_DIR;
		};
		045A38771D1921D500A8F47B /* liblibjpeg.a */ = {
			isa = PBXReferenceProxy;
			fileType = archive.ar;
			path = liblibjpeg.a;
			remoteRef = 045A38761D1921D500A8F47B /* PBXContainerItemProxy */;
			sourceTree = BUILT_PRODUCTS_DIR;
		};
		045A38791D1921D500A8F47B /* liblibwebp.a */ = {
			isa = PBXReferenceProxy;
			fileType = archive.ar;
			path = liblibwebp.a;
			remoteRef = 045A38781D1921D500A8F47B /* PBXContainerItemProxy */;
			sourceTree = BUILT_PRODUCTS_DIR;
		};
		045A387B1D1921D500A8F47B /* liblibjasper.a */ = {
			isa = PBXReferenceProxy;
			fileType = archive.ar;
			path = liblibjasper.a;
			remoteRef = 045A387A1D1921D500A8F47B /* PBXContainerItemProxy */;
			sourceTree = BUILT_PRODUCTS_DIR;
		};
		045A387D1D1921D500A8F47B /* liblibpng.a */ = {
			isa = PBXReferenceProxy;
			fileType = archive.ar;
			path = liblibpng.a;
			remoteRef = 045A387C1D1921D500A8F47B /* PBXContainerItemProxy */;
			sourceTree = BUILT_PRODUCTS_DIR;
		};
		045A387F1D1921D500A8F47B /* libIlmImf.a */ = {
			isa = PBXReferenceProxy;
			fileType = archive.ar;
			path = libIlmImf.a;
			remoteRef = 045A387E1D1921D500A8F47B /* PBXContainerItemProxy */;
			sourceTree = BUILT_PRODUCTS_DIR;
		};
		045A38811D1921D500A8F47B /* libopencv_world.3.1.0.dylib */ = {
			isa = PBXReferenceProxy;
			fileType = "compiled.mach-o.dylib";
			path = libopencv_world.3.1.0.dylib;
			remoteRef = 045A38801D1921D500A8F47B /* PBXContainerItemProxy */;
			sourceTree = BUILT_PRODUCTS_DIR;
		};
		045A38831D1921D500A8F47B /* libopencv_world_object.a */ = {
			isa = PBXReferenceProxy;
			fileType = archive.ar;
			path = libopencv_world_object.a;
			remoteRef = 045A38821D1921D500A8F47B /* PBXContainerItemProxy */;
			sourceTree = BUILT_PRODUCTS_DIR;
		};
		045A38851D1921D500A8F47B /* libopencv_ts.a */ = {
			isa = PBXReferenceProxy;
			fileType = archive.ar;
			path = libopencv_ts.a;
			remoteRef = 045A38841D1921D500A8F47B /* PBXContainerItemProxy */;
			sourceTree = BUILT_PRODUCTS_DIR;
		};
/* End PBXReferenceProxy section */

/* Begin PBXSourcesBuildPhase section */
		800DE0D8206A44139FB5011E /* Sources */ = {
			isa = PBXSourcesBuildPhase;
			buildActionMask = 2147483647;
			files = (
				0438FDCE1D192669008EA36D /* LandmarkDetectorModel.cpp in Sources */,
				0438FD6A1D19265F008EA36D /* SVM_static_lin.cpp in Sources */,
				0438FD681D19265F008EA36D /* SVM_dynamic_lin.cpp in Sources */,
				0438FDD81D192669008EA36D /* PDM.cpp in Sources */,
				0438FD6E1D19265F008EA36D /* SVR_static_lin_regressors.cpp in Sources */,
				0438FDCA1D192669008EA36D /* LandmarkDetectionValidator.cpp in Sources */,
				0438FDD61D192669008EA36D /* PAW.cpp in Sources */,
				0438FD231D192646008EA36D /* source.cpp in Sources */,
				0438FDFB1D1926C9008EA36D /* error_code.cpp in Sources */,
				0438FDE91D1926B6008EA36D /* codecvt_error_category.cpp in Sources */,
				0438FDEB1D1926B6008EA36D /* operations.cpp in Sources */,
				0438FDCC1D192669008EA36D /* LandmarkDetectorFunc.cpp in Sources */,
				0438FDC81D192669008EA36D /* CCNF_patch_expert.cpp in Sources */,
				0438FD621D19265F008EA36D /* Face_utils.cpp in Sources */,
				0438FDD01D192669008EA36D /* LandmarkDetectorParameters.cpp in Sources */,
				0438FDF71D1926B6008EA36D /* windows_file_codecvt.cpp in Sources */,
				0438FDEF1D1926B6008EA36D /* path.cpp in Sources */,
				0438FDF51D1926B6008EA36D /* utf8_codecvt_facet.cpp in Sources */,
				0438FDF31D1926B6008EA36D /* unique_path.cpp in Sources */,
				0438FDDA1D192669008EA36D /* stdafx.cpp in Sources */,
				0438FD661D19265F008EA36D /* GazeEstimation.cpp in Sources */,
				0438FDED1D1926B6008EA36D /* path_traits.cpp in Sources */,
				0438FDF11D1926B6008EA36D /* portability.cpp in Sources */,
				0438FDDC1D192669008EA36D /* SVR_patch_expert.cpp in Sources */,
				045A38641D1921C100A8F47B /* FaceLandmarkVid.cpp in Sources */,
				0438FDD41D192669008EA36D /* Patch_experts.cpp in Sources */,
				0438FDD21D192669008EA36D /* LandmarkDetectorUtils.cpp in Sources */,
				0438FD6C1D19265F008EA36D /* SVR_dynamic_lin_regressors.cpp in Sources */,
				0438FD641D19265F008EA36D /* FaceAnalyser.cpp in Sources */,
			);
			runOnlyForDeploymentPostprocessing = 0;
		};
		F2957AD25CF44503B813E44A /* Sources */ = {
			isa = PBXSourcesBuildPhase;
			buildActionMask = 2147483647;
			files = (
				0438FDCF1D192669008EA36D /* LandmarkDetectorModel.cpp in Sources */,
				0438FD6B1D19265F008EA36D /* SVM_static_lin.cpp in Sources */,
				0438FD691D19265F008EA36D /* SVM_dynamic_lin.cpp in Sources */,
				0438FDD91D192669008EA36D /* PDM.cpp in Sources */,
				0438FD6F1D19265F008EA36D /* SVR_static_lin_regressors.cpp in Sources */,
				0438FDCB1D192669008EA36D /* LandmarkDetectionValidator.cpp in Sources */,
				0438FDD71D192669008EA36D /* PAW.cpp in Sources */,
				0438FD241D192646008EA36D /* source.cpp in Sources */,
				0438FDFC1D1926C9008EA36D /* error_code.cpp in Sources */,
				0438FDEA1D1926B6008EA36D /* codecvt_error_category.cpp in Sources */,
				0438FDEC1D1926B6008EA36D /* operations.cpp in Sources */,
				0438FDCD1D192669008EA36D /* LandmarkDetectorFunc.cpp in Sources */,
				0438FDC91D192669008EA36D /* CCNF_patch_expert.cpp in Sources */,
				0438FD631D19265F008EA36D /* Face_utils.cpp in Sources */,
				0438FDD11D192669008EA36D /* LandmarkDetectorParameters.cpp in Sources */,
				0438FDF81D1926B6008EA36D /* windows_file_codecvt.cpp in Sources */,
				0438FDF01D1926B6008EA36D /* path.cpp in Sources */,
				0438FDF61D1926B6008EA36D /* utf8_codecvt_facet.cpp in Sources */,
				0438FDF41D1926B6008EA36D /* unique_path.cpp in Sources */,
				0438FDDB1D192669008EA36D /* stdafx.cpp in Sources */,
				0438FD671D19265F008EA36D /* GazeEstimation.cpp in Sources */,
				0438FDEE1D1926B6008EA36D /* path_traits.cpp in Sources */,
				0438FDF21D1926B6008EA36D /* portability.cpp in Sources */,
				0438FDDD1D192669008EA36D /* SVR_patch_expert.cpp in Sources */,
				045A38881D1921F500A8F47B /* dbt_face_detection.cpp in Sources */,
				0438FDD51D192669008EA36D /* Patch_experts.cpp in Sources */,
				0438FDD31D192669008EA36D /* LandmarkDetectorUtils.cpp in Sources */,
				0438FD6D1D19265F008EA36D /* SVR_dynamic_lin_regressors.cpp in Sources */,
				0438FD651D19265F008EA36D /* FaceAnalyser.cpp in Sources */,
			);
			runOnlyForDeploymentPostprocessing = 0;
		};
/* End PBXSourcesBuildPhase section */

/* Begin XCBuildConfiguration section */
		3D7E81EADCF54BD5AC75AD0A /* Release */ = {
			isa = XCBuildConfiguration;
			buildSettings = {
				COMBINE_HIDPI_IMAGES = YES;
				CONFIGURATION_BUILD_DIR = /Users/mac/MyWorks/HongNuo/face_detector/build/bin/Release;
				EXECUTABLE_PREFIX = "";
				EXECUTABLE_SUFFIX = "";
				GCC_GENERATE_DEBUGGING_SYMBOLS = NO;
				GCC_INLINES_ARE_PRIVATE_EXTERN = NO;
				GCC_OPTIMIZATION_LEVEL = 3;
				GCC_PREPROCESSOR_DEFINITIONS = (
					"'CMAKE_INTDIR=\"$(CONFIGURATION)$(EFFECTIVE_PLATFORM_NAME)\"'",
					DLIB_NO_GUI_SUPPORT,
				);
				GCC_SYMBOLS_PRIVATE_EXTERN = NO;
				HEADER_SEARCH_PATHS = (
					/Users/mac/MyWorks/HongNuo/face_detector/modules/videostab/include,
					/Users/mac/MyWorks/HongNuo/face_detector/modules/stitching/include,
					/Users/mac/MyWorks/HongNuo/face_detector/modules/calib3d/include,
					/Users/mac/MyWorks/HongNuo/face_detector/modules/features2d/include,
					/Users/mac/MyWorks/HongNuo/face_detector/modules/superres/include,
					/Users/mac/MyWorks/HongNuo/face_detector/modules/objdetect/include,
					/Users/mac/MyWorks/HongNuo/face_detector/modules/highgui/include,
					/Users/mac/MyWorks/HongNuo/face_detector/modules/videoio/include,
					/Users/mac/MyWorks/HongNuo/face_detector/modules/shape/include,
					/Users/mac/MyWorks/HongNuo/face_detector/modules/imgcodecs/include,
					/Users/mac/MyWorks/HongNuo/face_detector/modules/video/include,
					/Users/mac/MyWorks/HongNuo/face_detector/modules/photo/include,
					/Users/mac/MyWorks/HongNuo/face_detector/modules/ml/include,
					/Users/mac/MyWorks/HongNuo/face_detector/modules/imgproc/include,
					/Users/mac/MyWorks/HongNuo/face_detector/modules/flann/include,
					/Users/mac/MyWorks/HongNuo/face_detector/modules/core/include,
					/Users/mac/MyWorks/HongNuo/face_detector/modules/world/include,
					/Users/mac/MyWorks/HongNuo/face_detector/include,
					/Users/mac/MyWorks/HongNuo/face_detector/3rdparty/ippicv/unpack/ippicv_osx/include,
					/Users/mac/MyWorks/HongNuo/face_detector/build,
					/Users/mac/MyWorks/HongNuo/face_detector/modules/FaceAnalyser/include,
					/Users/mac/MyWorks/HongNuo/face_detector/modules/LandmarkDetector/include,
					/Users/mac/MyWorks/HongNuo/face_detector/3rdparty/boost/boost,
					/Users/mac/MyWorks/HongNuo/face_detector/3rdparty/boost,
				);
				INSTALL_PATH = "";
				LIBRARY_SEARCH_PATHS = "";
				OTHER_CFLAGS = (
					"-fsigned-char",
					"-W",
					"-Werror=return-type",
					"-Werror=non-virtual-dtor",
					"-Werror=address",
					"-Werror=sequence-point",
					"-Wformat",
					"-Werror=format-security",
					"-Wmissing-declarations",
					"-Wmissing-prototypes",
					"-Wstrict-prototypes",
					"-Wundef",
					"-Winit-self",
					"-Wpointer-arith",
					"-Wshadow",
					"-Wsign-promo",
					"-Wno-narrowing",
					"-Wno-delete-non-virtual-dtor",
					"-Wno-unnamed-type-template-args",
					"-fdiagnostics-show-option",
					"-Wno-long-long",
					"-Qunused-arguments",
					"-Wno-semicolon-before-method-body",
					"-fno-omit-frame-pointer",
					"-msse",
					"-msse2",
					"-mno-avx",
					"-msse3",
					"-mno-ssse3",
					"-mno-sse4.1",
					"-mno-sse4.2",
					"-fvisibility=hidden",
					"-fvisibility-inlines-hidden",
					"-Wno-unused-function",
					"-DNDEBUG",
					"-DNDEBUG",
				);
				OTHER_CPLUSPLUSFLAGS = (
					"-fsigned-char",
					"-W",
					"-Werror=return-type",
					"-Werror=non-virtual-dtor",
					"-Werror=address",
					"-Werror=sequence-point",
					"-Wformat",
					"-Werror=format-security",
					"-Wmissing-declarations",
					"-Wmissing-prototypes",
					"-Wstrict-prototypes",
					"-Wundef",
					"-Winit-self",
					"-Wpointer-arith",
					"-Wshadow",
					"-Wsign-promo",
					"-Wno-narrowing",
					"-Wno-delete-non-virtual-dtor",
					"-Wno-unnamed-type-template-args",
					"-fdiagnostics-show-option",
					"-Wno-long-long",
					"-Qunused-arguments",
					"-Wno-semicolon-before-method-body",
					"-fno-omit-frame-pointer",
					"-msse",
					"-msse2",
					"-mno-avx",
					"-msse3",
					"-mno-ssse3",
					"-mno-sse4.1",
					"-mno-sse4.2",
					"-fvisibility=hidden",
					"-fvisibility-inlines-hidden",
					"-DNDEBUG",
					"-DNDEBUG",
				);
				OTHER_LDFLAGS = (
					"-Wl,-search_paths_first",
					"-Wl,-headerpad_max_install_names",
					/Users/mac/MyWorks/HongNuo/face_detector/3rdparty/ippicv/unpack/ippicv_osx/lib/libippicv.a,
					/Users/mac/MyWorks/HongNuo/face_detector/build/lib/Release/libopencv_world.3.1.0.dylib,
				);
				OTHER_REZFLAGS = "";
				PRODUCT_NAME = "cpp-example-dbt_face_detection";
				SECTORDER_FLAGS = "";
				SYMROOT = /Users/mac/MyWorks/HongNuo/face_detector/build/samples/cpp;
				USE_HEADERMAP = NO;
				WARNING_CFLAGS = (
					"-Wmost",
					"-Wno-four-char-constants",
					"-Wno-unknown-pragmas",
				);
			};
			name = Release;
		};
		96DEF1E509644D62B45A2D4C /* Debug */ = {
			isa = XCBuildConfiguration;
			buildSettings = {
				COMBINE_HIDPI_IMAGES = YES;
				CONFIGURATION_BUILD_DIR = /Users/mac/MyWorks/HongNuo/face_detector/build/bin/Debug;
				EXECUTABLE_PREFIX = "";
				EXECUTABLE_SUFFIX = "";
				GCC_GENERATE_DEBUGGING_SYMBOLS = YES;
				GCC_INLINES_ARE_PRIVATE_EXTERN = NO;
				GCC_OPTIMIZATION_LEVEL = 3;
				GCC_PREPROCESSOR_DEFINITIONS = (
					"'CMAKE_INTDIR=\"$(CONFIGURATION)$(EFFECTIVE_PLATFORM_NAME)\"'",
					DLIB_NO_GUI_SUPPORT,
				);
				GCC_SYMBOLS_PRIVATE_EXTERN = NO;
				HEADER_SEARCH_PATHS = (
					/Users/mac/MyWorks/HongNuo/face_detector/modules/videostab/include,
					/Users/mac/MyWorks/HongNuo/face_detector/modules/stitching/include,
					/Users/mac/MyWorks/HongNuo/face_detector/modules/calib3d/include,
					/Users/mac/MyWorks/HongNuo/face_detector/modules/features2d/include,
					/Users/mac/MyWorks/HongNuo/face_detector/modules/superres/include,
					/Users/mac/MyWorks/HongNuo/face_detector/modules/objdetect/include,
					/Users/mac/MyWorks/HongNuo/face_detector/modules/highgui/include,
					/Users/mac/MyWorks/HongNuo/face_detector/modules/videoio/include,
					/Users/mac/MyWorks/HongNuo/face_detector/modules/shape/include,
					/Users/mac/MyWorks/HongNuo/face_detector/modules/imgcodecs/include,
					/Users/mac/MyWorks/HongNuo/face_detector/modules/video/include,
					/Users/mac/MyWorks/HongNuo/face_detector/modules/photo/include,
					/Users/mac/MyWorks/HongNuo/face_detector/modules/ml/include,
					/Users/mac/MyWorks/HongNuo/face_detector/modules/imgproc/include,
					/Users/mac/MyWorks/HongNuo/face_detector/modules/flann/include,
					/Users/mac/MyWorks/HongNuo/face_detector/modules/core/include,
					/Users/mac/MyWorks/HongNuo/face_detector/modules/world/include,
					/Users/mac/MyWorks/HongNuo/face_detector/include,
					/Users/mac/MyWorks/HongNuo/face_detector/3rdparty/ippicv/unpack/ippicv_osx/include,
					/Users/mac/MyWorks/HongNuo/face_detector/build,
					/Users/mac/MyWorks/HongNuo/face_detector/ios_mac/FaceAnalyser/include,
					/Users/mac/MyWorks/HongNuo/face_detector/ios_mac/LandmarkDetector/include,
					/Users/mac/MyWorks/HongNuo/face_detector/ios_mac/boost/boost,
					/Users/mac/MyWorks/HongNuo/face_detector/ios_mac/boost,
					/Users/mac/MyWorks/HongNuo/face_detector/ios_mac,
				);
				INSTALL_PATH = "";
				LIBRARY_SEARCH_PATHS = "";
				OTHER_CFLAGS = (
					"-fsigned-char",
					"-W",
					"-Werror=return-type",
					"-Werror=non-virtual-dtor",
					"-Werror=address",
					"-Werror=sequence-point",
					"-Wformat",
					"-Werror=format-security",
					"-Wmissing-declarations",
					"-Wmissing-prototypes",
					"-Wstrict-prototypes",
					"-Wundef",
					"-Winit-self",
					"-Wpointer-arith",
					"-Wshadow",
					"-Wsign-promo",
					"-Wno-narrowing",
					"-Wno-delete-non-virtual-dtor",
					"-Wno-unnamed-type-template-args",
					"-fdiagnostics-show-option",
					"-Wno-long-long",
					"-Qunused-arguments",
					"-Wno-semicolon-before-method-body",
					"-fno-omit-frame-pointer",
					"-msse",
					"-msse2",
					"-mno-avx",
					"-msse3",
					"-mno-ssse3",
					"-mno-sse4.1",
					"-mno-sse4.2",
					"-fvisibility=hidden",
					"-fvisibility-inlines-hidden",
					"-Wno-unused-function",
					"-DDEBUG",
					"-D_DEBUG",
				);
				OTHER_CPLUSPLUSFLAGS = (
					"-fsigned-char",
					"-W",
					"-Werror=return-type",
					"-Werror=non-virtual-dtor",
					"-Werror=address",
					"-Werror=sequence-point",
					"-Wformat",
					"-Werror=format-security",
					"-Wmissing-declarations",
					"-Wmissing-prototypes",
					"-Wstrict-prototypes",
					"-Wundef",
					"-Winit-self",
					"-Wpointer-arith",
					"-Wshadow",
					"-Wsign-promo",
					"-Wno-narrowing",
					"-Wno-delete-non-virtual-dtor",
					"-Wno-unnamed-type-template-args",
					"-fdiagnostics-show-option",
					"-Wno-long-long",
					"-Qunused-arguments",
					"-Wno-semicolon-before-method-body",
					"-fno-omit-frame-pointer",
					"-msse",
					"-msse2",
					"-mno-avx",
					"-msse3",
					"-mno-ssse3",
					"-mno-sse4.1",
					"-mno-sse4.2",
					"-fvisibility=hidden",
					"-fvisibility-inlines-hidden",
					"-DDEBUG",
					"-D_DEBUG",
				);
				OTHER_LDFLAGS = (
					"-Wl,-search_paths_first",
					"-Wl,-headerpad_max_install_names",
					/Users/mac/MyWorks/HongNuo/face_detector/3rdparty/ippicv/unpack/ippicv_osx/lib/libippicv.a,
					/Users/mac/MyWorks/HongNuo/face_detector/build/lib/Debug/libopencv_world.3.1.0.dylib,
				);
				OTHER_REZFLAGS = "";
				PRODUCT_NAME = "cpp-example-facedetect";
				SECTORDER_FLAGS = "";
				SYMROOT = /Users/mac/MyWorks/HongNuo/face_detector/build/samples/cpp;
				USE_HEADERMAP = NO;
				WARNING_CFLAGS = (
					"-Wmost",
					"-Wno-four-char-constants",
					"-Wno-unknown-pragmas",
				);
			};
			name = Debug;
		};
		9DBBC81C18A84B848C92D1B5 /* Release */ = {
			isa = XCBuildConfiguration;
			buildSettings = {
				ARCHS = "$(ARCHS_STANDARD_32_64_BIT)";
				ONLY_ACTIVE_ARCH = YES;
				SDKROOT = macosx10.11;
				SYMROOT = /Users/mac/MyWorks/HongNuo/face_detector/build/build;
			};
			name = Release;
		};
		E00339591FA44CF587DB213B /* Release */ = {
			isa = XCBuildConfiguration;
			buildSettings = {
				COMBINE_HIDPI_IMAGES = YES;
				CONFIGURATION_BUILD_DIR = /Users/mac/MyWorks/HongNuo/face_detector/build/bin/Release;
				EXECUTABLE_PREFIX = "";
				EXECUTABLE_SUFFIX = "";
				GCC_GENERATE_DEBUGGING_SYMBOLS = NO;
				GCC_INLINES_ARE_PRIVATE_EXTERN = NO;
				GCC_OPTIMIZATION_LEVEL = 3;
				GCC_PREPROCESSOR_DEFINITIONS = (
					"'CMAKE_INTDIR=\"$(CONFIGURATION)$(EFFECTIVE_PLATFORM_NAME)\"'",
					DLIB_NO_GUI_SUPPORT,
				);
				GCC_SYMBOLS_PRIVATE_EXTERN = NO;
				HEADER_SEARCH_PATHS = (
					/Users/mac/MyWorks/HongNuo/face_detector/modules/videostab/include,
					/Users/mac/MyWorks/HongNuo/face_detector/modules/stitching/include,
					/Users/mac/MyWorks/HongNuo/face_detector/modules/calib3d/include,
					/Users/mac/MyWorks/HongNuo/face_detector/modules/features2d/include,
					/Users/mac/MyWorks/HongNuo/face_detector/modules/superres/include,
					/Users/mac/MyWorks/HongNuo/face_detector/modules/objdetect/include,
					/Users/mac/MyWorks/HongNuo/face_detector/modules/highgui/include,
					/Users/mac/MyWorks/HongNuo/face_detector/modules/videoio/include,
					/Users/mac/MyWorks/HongNuo/face_detector/modules/shape/include,
					/Users/mac/MyWorks/HongNuo/face_detector/modules/imgcodecs/include,
					/Users/mac/MyWorks/HongNuo/face_detector/modules/video/include,
					/Users/mac/MyWorks/HongNuo/face_detector/modules/photo/include,
					/Users/mac/MyWorks/HongNuo/face_detector/modules/ml/include,
					/Users/mac/MyWorks/HongNuo/face_detector/modules/imgproc/include,
					/Users/mac/MyWorks/HongNuo/face_detector/modules/flann/include,
					/Users/mac/MyWorks/HongNuo/face_detector/modules/core/include,
					/Users/mac/MyWorks/HongNuo/face_detector/modules/world/include,
					/Users/mac/MyWorks/HongNuo/face_detector/include,
					/Users/mac/MyWorks/HongNuo/face_detector/3rdparty/ippicv/unpack/ippicv_osx/include,
					/Users/mac/MyWorks/HongNuo/face_detector/build,
					/Users/mac/MyWorks/HongNuo/face_detector/ios_mac/FaceAnalyser/include,
					/Users/mac/MyWorks/HongNuo/face_detector/ios_mac/LandmarkDetector/include,
					/Users/mac/MyWorks/HongNuo/face_detector/ios_mac/boost/boost,
					/Users/mac/MyWorks/HongNuo/face_detector/ios_mac/boost,
					/Users/mac/MyWorks/HongNuo/face_detector/ios_mac,
				);
				INSTALL_PATH = "";
				LIBRARY_SEARCH_PATHS = "";
				OTHER_CFLAGS = (
					"-fsigned-char",
					"-W",
					"-Werror=return-type",
					"-Werror=non-virtual-dtor",
					"-Werror=address",
					"-Werror=sequence-point",
					"-Wformat",
					"-Werror=format-security",
					"-Wmissing-declarations",
					"-Wmissing-prototypes",
					"-Wstrict-prototypes",
					"-Wundef",
					"-Winit-self",
					"-Wpointer-arith",
					"-Wshadow",
					"-Wsign-promo",
					"-Wno-narrowing",
					"-Wno-delete-non-virtual-dtor",
					"-Wno-unnamed-type-template-args",
					"-fdiagnostics-show-option",
					"-Wno-long-long",
					"-Qunused-arguments",
					"-Wno-semicolon-before-method-body",
					"-fno-omit-frame-pointer",
					"-msse",
					"-msse2",
					"-mno-avx",
					"-msse3",
					"-mno-ssse3",
					"-mno-sse4.1",
					"-mno-sse4.2",
					"-fvisibility=hidden",
					"-fvisibility-inlines-hidden",
					"-Wno-unused-function",
					"-DNDEBUG",
					"-DNDEBUG",
				);
				OTHER_CPLUSPLUSFLAGS = (
					"-fsigned-char",
					"-W",
					"-Werror=return-type",
					"-Werror=non-virtual-dtor",
					"-Werror=address",
					"-Werror=sequence-point",
					"-Wformat",
					"-Werror=format-security",
					"-Wmissing-declarations",
					"-Wmissing-prototypes",
					"-Wstrict-prototypes",
					"-Wundef",
					"-Winit-self",
					"-Wpointer-arith",
					"-Wshadow",
					"-Wsign-promo",
					"-Wno-narrowing",
					"-Wno-delete-non-virtual-dtor",
					"-Wno-unnamed-type-template-args",
					"-fdiagnostics-show-option",
					"-Wno-long-long",
					"-Qunused-arguments",
					"-Wno-semicolon-before-method-body",
					"-fno-omit-frame-pointer",
					"-msse",
					"-msse2",
					"-mno-avx",
					"-msse3",
					"-mno-ssse3",
					"-mno-sse4.1",
					"-mno-sse4.2",
					"-fvisibility=hidden",
					"-fvisibility-inlines-hidden",
					"-DNDEBUG",
					"-DNDEBUG",
				);
				OTHER_LDFLAGS = (
					"-Wl,-search_paths_first",
					"-Wl,-headerpad_max_install_names",
					/Users/mac/MyWorks/HongNuo/face_detector/3rdparty/ippicv/unpack/ippicv_osx/lib/libippicv.a,
					/Users/mac/MyWorks/HongNuo/face_detector/build/lib/Release/libopencv_world.3.1.0.dylib,
				);
				OTHER_REZFLAGS = "";
				PRODUCT_NAME = "cpp-example-facedetect";
				SECTORDER_FLAGS = "";
				SYMROOT = /Users/mac/MyWorks/HongNuo/face_detector/build/samples/cpp;
				USE_HEADERMAP = NO;
				WARNING_CFLAGS = (
					"-Wmost",
					"-Wno-four-char-constants",
					"-Wno-unknown-pragmas",
				);
			};
			name = Release;
		};
		E61FE209382F4EECB58D9641 /* Debug */ = {
			isa = XCBuildConfiguration;
			buildSettings = {
				ARCHS = "$(ARCHS_STANDARD_32_64_BIT)";
				ONLY_ACTIVE_ARCH = YES;
				SDKROOT = macosx10.11;
				SYMROOT = /Users/mac/MyWorks/HongNuo/face_detector/build/build;
			};
			name = Debug;
		};
		F74F5352830A470883E85DCD /* Debug */ = {
			isa = XCBuildConfiguration;
			buildSettings = {
				COMBINE_HIDPI_IMAGES = YES;
				CONFIGURATION_BUILD_DIR = /Users/mac/MyWorks/HongNuo/face_detector/build/bin/Debug;
				EXECUTABLE_PREFIX = "";
				EXECUTABLE_SUFFIX = "";
				GCC_GENERATE_DEBUGGING_SYMBOLS = YES;
				GCC_INLINES_ARE_PRIVATE_EXTERN = NO;
				GCC_OPTIMIZATION_LEVEL = 0;
				GCC_PREPROCESSOR_DEFINITIONS = (
					"'CMAKE_INTDIR=\"$(CONFIGURATION)$(EFFECTIVE_PLATFORM_NAME)\"'",
					DLIB_NO_GUI_SUPPORT,
				);
				GCC_SYMBOLS_PRIVATE_EXTERN = NO;
				HEADER_SEARCH_PATHS = (
					/Users/mac/MyWorks/HongNuo/face_detector/modules/videostab/include,
					/Users/mac/MyWorks/HongNuo/face_detector/modules/stitching/include,
					/Users/mac/MyWorks/HongNuo/face_detector/modules/calib3d/include,
					/Users/mac/MyWorks/HongNuo/face_detector/modules/features2d/include,
					/Users/mac/MyWorks/HongNuo/face_detector/modules/superres/include,
					/Users/mac/MyWorks/HongNuo/face_detector/modules/objdetect/include,
					/Users/mac/MyWorks/HongNuo/face_detector/modules/highgui/include,
					/Users/mac/MyWorks/HongNuo/face_detector/modules/videoio/include,
					/Users/mac/MyWorks/HongNuo/face_detector/modules/shape/include,
					/Users/mac/MyWorks/HongNuo/face_detector/modules/imgcodecs/include,
					/Users/mac/MyWorks/HongNuo/face_detector/modules/video/include,
					/Users/mac/MyWorks/HongNuo/face_detector/modules/photo/include,
					/Users/mac/MyWorks/HongNuo/face_detector/modules/ml/include,
					/Users/mac/MyWorks/HongNuo/face_detector/modules/imgproc/include,
					/Users/mac/MyWorks/HongNuo/face_detector/modules/flann/include,
					/Users/mac/MyWorks/HongNuo/face_detector/modules/core/include,
					/Users/mac/MyWorks/HongNuo/face_detector/modules/world/include,
					/Users/mac/MyWorks/HongNuo/face_detector/include,
					/Users/mac/MyWorks/HongNuo/face_detector/3rdparty/ippicv/unpack/ippicv_osx/include,
					/Users/mac/MyWorks/HongNuo/face_detector/build,
					/Users/mac/MyWorks/HongNuo/face_detector/modules/FaceAnalyser/include,
					/Users/mac/MyWorks/HongNuo/face_detector/modules/LandmarkDetector/include,
					/Users/mac/MyWorks/HongNuo/face_detector/3rdparty/boost/boost,
					/Users/mac/MyWorks/HongNuo/face_detector/3rdparty/boost,
				);
				INSTALL_PATH = "";
				LIBRARY_SEARCH_PATHS = "";
				OTHER_CFLAGS = (
					"-fsigned-char",
					"-W",
					"-Werror=return-type",
					"-Werror=non-virtual-dtor",
					"-Werror=address",
					"-Werror=sequence-point",
					"-Wformat",
					"-Werror=format-security",
					"-Wmissing-declarations",
					"-Wmissing-prototypes",
					"-Wstrict-prototypes",
					"-Wundef",
					"-Winit-self",
					"-Wpointer-arith",
					"-Wshadow",
					"-Wsign-promo",
					"-Wno-narrowing",
					"-Wno-delete-non-virtual-dtor",
					"-Wno-unnamed-type-template-args",
					"-fdiagnostics-show-option",
					"-Wno-long-long",
					"-Qunused-arguments",
					"-Wno-semicolon-before-method-body",
					"-fno-omit-frame-pointer",
					"-msse",
					"-msse2",
					"-mno-avx",
					"-msse3",
					"-mno-ssse3",
					"-mno-sse4.1",
					"-mno-sse4.2",
					"-fvisibility=hidden",
					"-fvisibility-inlines-hidden",
					"-Wno-unused-function",
					"-DDEBUG",
					"-D_DEBUG",
				);
				OTHER_CPLUSPLUSFLAGS = (
					"-fsigned-char",
					"-W",
					"-Werror=return-type",
					"-Werror=non-virtual-dtor",
					"-Werror=address",
					"-Werror=sequence-point",
					"-Wformat",
					"-Werror=format-security",
					"-Wmissing-declarations",
					"-Wmissing-prototypes",
					"-Wstrict-prototypes",
					"-Wundef",
					"-Winit-self",
					"-Wpointer-arith",
					"-Wshadow",
					"-Wsign-promo",
					"-Wno-narrowing",
					"-Wno-delete-non-virtual-dtor",
					"-Wno-unnamed-type-template-args",
					"-fdiagnostics-show-option",
					"-Wno-long-long",
					"-Qunused-arguments",
					"-Wno-semicolon-before-method-body",
					"-fno-omit-frame-pointer",
					"-msse",
					"-msse2",
					"-mno-avx",
					"-msse3",
					"-mno-ssse3",
					"-mno-sse4.1",
					"-mno-sse4.2",
					"-fvisibility=hidden",
					"-fvisibility-inlines-hidden",
					"-DDEBUG",
					"-D_DEBUG",
				);
				OTHER_LDFLAGS = (
					"-Wl,-search_paths_first",
					"-Wl,-headerpad_max_install_names",
					/Users/mac/MyWorks/HongNuo/face_detector/3rdparty/ippicv/unpack/ippicv_osx/lib/libippicv.a,
					/Users/mac/MyWorks/HongNuo/face_detector/build/lib/Debug/libopencv_world.3.1.0.dylib,
				);
				OTHER_REZFLAGS = "";
				PRODUCT_NAME = "cpp-example-dbt_face_detection";
				SECTORDER_FLAGS = "";
				SYMROOT = /Users/mac/MyWorks/HongNuo/face_detector/build/samples/cpp;
				USE_HEADERMAP = NO;
				WARNING_CFLAGS = (
					"-Wmost",
					"-Wno-four-char-constants",
					"-Wno-unknown-pragmas",
				);
			};
			name = Debug;
		};
/* End XCBuildConfiguration section */

/* Begin XCConfigurationList section */
		31196B6A6CCB49088406C9D6 /* Build configuration list for PBXProject "face_detector" */ = {
			isa = XCConfigurationList;
			buildConfigurations = (
				E61FE209382F4EECB58D9641 /* Debug */,
				9DBBC81C18A84B848C92D1B5 /* Release */,
			);
			defaultConfigurationIsVisible = 0;
			defaultConfigurationName = Debug;
		};
		E31E7B33963E4E15A415EE7D /* Build configuration list for PBXNativeTarget "example_facedetect" */ = {
			isa = XCConfigurationList;
			buildConfigurations = (
				96DEF1E509644D62B45A2D4C /* Debug */,
				E00339591FA44CF587DB213B /* Release */,
			);
			defaultConfigurationIsVisible = 0;
			defaultConfigurationName = Debug;
		};
		EDE12DE6D73E4D8A81D19EAF /* Build configuration list for PBXNativeTarget "example_dbt_face_detection" */ = {
			isa = XCConfigurationList;
			buildConfigurations = (
				F74F5352830A470883E85DCD /* Debug */,
				3D7E81EADCF54BD5AC75AD0A /* Release */,
			);
			defaultConfigurationIsVisible = 0;
			defaultConfigurationName = Debug;
		};
/* End XCConfigurationList section */
	};
	rootObject = 48913B05C3044C748DA9685E /* Project object */;
}
