// !$*UTF8*$!
{
	archiveVersion = 1;
	classes = {
	};
	objectVersion = 46;
	objects = {

/* Begin PBXBuildFile section */
		04CD9AA31D1A7E52001DF8D4 /* error_code.cpp in Sources */ = {isa = PBXBuildFile; fileRef = 04CD9AA21D1A7E52001DF8D4 /* error_code.cpp */; };
		04CD9AAD1D1A7EF7001DF8D4 /* codecvt_error_category.cpp in Sources */ = {isa = PBXBuildFile; fileRef = 04CD9AA41D1A7EF7001DF8D4 /* codecvt_error_category.cpp */; };
		04CD9AAE1D1A7EF7001DF8D4 /* operations.cpp in Sources */ = {isa = PBXBuildFile; fileRef = 04CD9AA51D1A7EF7001DF8D4 /* operations.cpp */; };
		04CD9AAF1D1A7EF7001DF8D4 /* path_traits.cpp in Sources */ = {isa = PBXBuildFile; fileRef = 04CD9AA61D1A7EF7001DF8D4 /* path_traits.cpp */; };
		04CD9AB01D1A7EF7001DF8D4 /* path.cpp in Sources */ = {isa = PBXBuildFile; fileRef = 04CD9AA71D1A7EF7001DF8D4 /* path.cpp */; };
		04CD9AB11D1A7EF7001DF8D4 /* portability.cpp in Sources */ = {isa = PBXBuildFile; fileRef = 04CD9AA81D1A7EF7001DF8D4 /* portability.cpp */; };
		04CD9AB21D1A7EF7001DF8D4 /* unique_path.cpp in Sources */ = {isa = PBXBuildFile; fileRef = 04CD9AA91D1A7EF7001DF8D4 /* unique_path.cpp */; };
		04CD9AB31D1A7EF7001DF8D4 /* utf8_codecvt_facet.cpp in Sources */ = {isa = PBXBuildFile; fileRef = 04CD9AAA1D1A7EF7001DF8D4 /* utf8_codecvt_facet.cpp */; };
		04CD9AB41D1A7EF7001DF8D4 /* windows_file_codecvt.cpp in Sources */ = {isa = PBXBuildFile; fileRef = 04CD9AAB1D1A7EF7001DF8D4 /* windows_file_codecvt.cpp */; };
		04CD9AB71D1A7FAE001DF8D4 /* source.cpp in Sources */ = {isa = PBXBuildFile; fileRef = 04CD9AB61D1A7FAE001DF8D4 /* source.cpp */; };
		04CD9AF61D1A807C001DF8D4 /* Face_utils.cpp in Sources */ = {isa = PBXBuildFile; fileRef = 04CD9AEF1D1A807C001DF8D4 /* Face_utils.cpp */; };
		04CD9AF81D1A807C001DF8D4 /* GazeEstimation.cpp in Sources */ = {isa = PBXBuildFile; fileRef = 04CD9AF11D1A807C001DF8D4 /* GazeEstimation.cpp */; };
		04CD9AF91D1A807C001DF8D4 /* SVM_dynamic_lin.cpp in Sources */ = {isa = PBXBuildFile; fileRef = 04CD9AF21D1A807C001DF8D4 /* SVM_dynamic_lin.cpp */; };
		04CD9AFA1D1A807C001DF8D4 /* SVM_static_lin.cpp in Sources */ = {isa = PBXBuildFile; fileRef = 04CD9AF31D1A807C001DF8D4 /* SVM_static_lin.cpp */; };
		04CD9AFB1D1A807C001DF8D4 /* SVR_dynamic_lin_regressors.cpp in Sources */ = {isa = PBXBuildFile; fileRef = 04CD9AF41D1A807C001DF8D4 /* SVR_dynamic_lin_regressors.cpp */; };
		04CD9AFC1D1A807C001DF8D4 /* SVR_static_lin_regressors.cpp in Sources */ = {isa = PBXBuildFile; fileRef = 04CD9AF51D1A807C001DF8D4 /* SVR_static_lin_regressors.cpp */; };
		04CD9B551D1A8085001DF8D4 /* CCNF_patch_expert.cpp in Sources */ = {isa = PBXBuildFile; fileRef = 04CD9B4A1D1A8085001DF8D4 /* CCNF_patch_expert.cpp */; };
		04CD9B561D1A8085001DF8D4 /* LandmarkDetectionValidator.cpp in Sources */ = {isa = PBXBuildFile; fileRef = 04CD9B4B1D1A8085001DF8D4 /* LandmarkDetectionValidator.cpp */; };
		04CD9B571D1A8085001DF8D4 /* LandmarkDetectorFunc.cpp in Sources */ = {isa = PBXBuildFile; fileRef = 04CD9B4C1D1A8085001DF8D4 /* LandmarkDetectorFunc.cpp */; };
		04CD9B581D1A8085001DF8D4 /* LandmarkDetectorModel.cpp in Sources */ = {isa = PBXBuildFile; fileRef = 04CD9B4D1D1A8085001DF8D4 /* LandmarkDetectorModel.cpp */; };
		04CD9B591D1A8085001DF8D4 /* LandmarkDetectorParameters.cpp in Sources */ = {isa = PBXBuildFile; fileRef = 04CD9B4E1D1A8085001DF8D4 /* LandmarkDetectorParameters.cpp */; };
		04CD9B5A1D1A8085001DF8D4 /* LandmarkDetectorUtils.cpp in Sources */ = {isa = PBXBuildFile; fileRef = 04CD9B4F1D1A8085001DF8D4 /* LandmarkDetectorUtils.cpp */; };
		04CD9B5B1D1A8085001DF8D4 /* Patch_experts.cpp in Sources */ = {isa = PBXBuildFile; fileRef = 04CD9B501D1A8085001DF8D4 /* Patch_experts.cpp */; };
		04CD9B5C1D1A8085001DF8D4 /* PAW.cpp in Sources */ = {isa = PBXBuildFile; fileRef = 04CD9B511D1A8085001DF8D4 /* PAW.cpp */; };
		04CD9B5D1D1A8085001DF8D4 /* PDM.cpp in Sources */ = {isa = PBXBuildFile; fileRef = 04CD9B521D1A8085001DF8D4 /* PDM.cpp */; };
		04CD9B5E1D1A8085001DF8D4 /* stdafx.cpp in Sources */ = {isa = PBXBuildFile; fileRef = 04CD9B531D1A8085001DF8D4 /* stdafx.cpp */; };
		04CD9B5F1D1A8085001DF8D4 /* SVR_patch_expert.cpp in Sources */ = {isa = PBXBuildFile; fileRef = 04CD9B541D1A8085001DF8D4 /* SVR_patch_expert.cpp */; };
		04CD9B621D1A81B7001DF8D4 /* FaceDetector.cpp in Sources */ = {isa = PBXBuildFile; fileRef = 04CD9B601D1A81B7001DF8D4 /* FaceDetector.cpp */; };
		5107458B1750F1BC00B6CCD9 /* Processing_NEON.cpp in Sources */ = {isa = PBXBuildFile; fileRef = 5107458A1750F1BC00B6CCD9 /* Processing_NEON.cpp */; };
		5107458D1750F25400B6CCD9 /* Processing.cpp in Sources */ = {isa = PBXBuildFile; fileRef = 5107458C1750F25400B6CCD9 /* Processing.cpp */; };
		5168F9A91752464E00FC67D8 /* Accelerate.framework in Frameworks */ = {isa = PBXBuildFile; fileRef = 5168F9A7175245F000FC67D8 /* Accelerate.framework */; };
		5168F9AB1752622C00FC67D8 /* Processing_Accelerate.cpp in Sources */ = {isa = PBXBuildFile; fileRef = 5168F9AA1752622C00FC67D8 /* Processing_Accelerate.cpp */; };
		51E2042B1747A1C3005C39DB /* Foundation.framework in Frameworks */ = {isa = PBXBuildFile; fileRef = 51E2042A1747A1C3005C39DB /* Foundation.framework */; };
		51E204481747A4C6005C39DB /* opencv2.framework in Frameworks */ = {isa = PBXBuildFile; fileRef = 51E204471747A4C6005C39DB /* opencv2.framework */; };
		51E204601748A890005C39DB /* PostcardPrinter.cpp in Sources */ = {isa = PBXBuildFile; fileRef = 51E2045E1748A890005C39DB /* PostcardPrinter.cpp */; };
		51E204611748AA25005C39DB /* PostcardPrinter.hpp in CopyFiles */ = {isa = PBXBuildFile; fileRef = 51E2045F1748A890005C39DB /* PostcardPrinter.hpp */; };
		83FA796B1749096700248405 /* RetroFilter.cpp in Sources */ = {isa = PBXBuildFile; fileRef = 83FA79681749096700248405 /* RetroFilter.cpp */; };
		83FA796D1749097E00248405 /* RetroFilter.hpp in CopyFiles */ = {isa = PBXBuildFile; fileRef = 83FA79691749096700248405 /* RetroFilter.hpp */; };
/* End PBXBuildFile section */

/* Begin PBXCopyFilesBuildPhase section */
		51E204251747A1C3005C39DB /* CopyFiles */ = {
			isa = PBXCopyFilesBuildPhase;
			buildActionMask = 2147483647;
			dstPath = "include/${PRODUCT_NAME}";
			dstSubfolderSpec = 16;
			files = (
				83FA796D1749097E00248405 /* RetroFilter.hpp in CopyFiles */,
				51E204611748AA25005C39DB /* PostcardPrinter.hpp in CopyFiles */,
			);
			runOnlyForDeploymentPostprocessing = 0;
		};
/* End PBXCopyFilesBuildPhase section */

/* Begin PBXFileReference section */
		04CD9AA21D1A7E52001DF8D4 /* error_code.cpp */ = {isa = PBXFileReference; fileEncoding = 4; lastKnownFileType = sourcecode.cpp.cpp; name = error_code.cpp; path = boost/libs/system/src/error_code.cpp; sourceTree = "<group>"; };
		04CD9AA41D1A7EF7001DF8D4 /* codecvt_error_category.cpp */ = {isa = PBXFileReference; fileEncoding = 4; lastKnownFileType = sourcecode.cpp.cpp; name = codecvt_error_category.cpp; path = boost/libs/filesystem/src/codecvt_error_category.cpp; sourceTree = "<group>"; };
		04CD9AA51D1A7EF7001DF8D4 /* operations.cpp */ = {isa = PBXFileReference; fileEncoding = 4; lastKnownFileType = sourcecode.cpp.cpp; name = operations.cpp; path = boost/libs/filesystem/src/operations.cpp; sourceTree = "<group>"; };
		04CD9AA61D1A7EF7001DF8D4 /* path_traits.cpp */ = {isa = PBXFileReference; fileEncoding = 4; lastKnownFileType = sourcecode.cpp.cpp; name = path_traits.cpp; path = boost/libs/filesystem/src/path_traits.cpp; sourceTree = "<group>"; };
		04CD9AA71D1A7EF7001DF8D4 /* path.cpp */ = {isa = PBXFileReference; fileEncoding = 4; lastKnownFileType = sourcecode.cpp.cpp; name = path.cpp; path = boost/libs/filesystem/src/path.cpp; sourceTree = "<group>"; };
		04CD9AA81D1A7EF7001DF8D4 /* portability.cpp */ = {isa = PBXFileReference; fileEncoding = 4; lastKnownFileType = sourcecode.cpp.cpp; name = portability.cpp; path = boost/libs/filesystem/src/portability.cpp; sourceTree = "<group>"; };
		04CD9AA91D1A7EF7001DF8D4 /* unique_path.cpp */ = {isa = PBXFileReference; fileEncoding = 4; lastKnownFileType = sourcecode.cpp.cpp; name = unique_path.cpp; path = boost/libs/filesystem/src/unique_path.cpp; sourceTree = "<group>"; };
		04CD9AAA1D1A7EF7001DF8D4 /* utf8_codecvt_facet.cpp */ = {isa = PBXFileReference; fileEncoding = 4; lastKnownFileType = sourcecode.cpp.cpp; name = utf8_codecvt_facet.cpp; path = boost/libs/filesystem/src/utf8_codecvt_facet.cpp; sourceTree = "<group>"; };
		04CD9AAB1D1A7EF7001DF8D4 /* windows_file_codecvt.cpp */ = {isa = PBXFileReference; fileEncoding = 4; lastKnownFileType = sourcecode.cpp.cpp; name = windows_file_codecvt.cpp; path = boost/libs/filesystem/src/windows_file_codecvt.cpp; sourceTree = "<group>"; };
		04CD9AAC1D1A7EF7001DF8D4 /* windows_file_codecvt.hpp */ = {isa = PBXFileReference; fileEncoding = 4; lastKnownFileType = sourcecode.cpp.h; name = windows_file_codecvt.hpp; path = boost/libs/filesystem/src/windows_file_codecvt.hpp; sourceTree = "<group>"; };
		04CD9AB61D1A7FAE001DF8D4 /* source.cpp */ = {isa = PBXFileReference; fileEncoding = 4; lastKnownFileType = sourcecode.cpp.cpp; name = source.cpp; path = dlib/all/source.cpp; sourceTree = "<group>"; };
		04CD9AE71D1A807C001DF8D4 /* Face_utils.h */ = {isa = PBXFileReference; fileEncoding = 4; lastKnownFileType = sourcecode.c.h; path = Face_utils.h; sourceTree = "<group>"; };
		04CD9AE91D1A807C001DF8D4 /* GazeEstimation.h */ = {isa = PBXFileReference; fileEncoding = 4; lastKnownFileType = sourcecode.c.h; path = GazeEstimation.h; sourceTree = "<group>"; };
		04CD9AEA1D1A807C001DF8D4 /* SVM_dynamic_lin.h */ = {isa = PBXFileReference; fileEncoding = 4; lastKnownFileType = sourcecode.c.h; path = SVM_dynamic_lin.h; sourceTree = "<group>"; };
		04CD9AEB1D1A807C001DF8D4 /* SVM_static_lin.h */ = {isa = PBXFileReference; fileEncoding = 4; lastKnownFileType = sourcecode.c.h; path = SVM_static_lin.h; sourceTree = "<group>"; };
		04CD9AEC1D1A807C001DF8D4 /* SVR_dynamic_lin_regressors.h */ = {isa = PBXFileReference; fileEncoding = 4; lastKnownFileType = sourcecode.c.h; path = SVR_dynamic_lin_regressors.h; sourceTree = "<group>"; };
		04CD9AED1D1A807C001DF8D4 /* SVR_static_lin_regressors.h */ = {isa = PBXFileReference; fileEncoding = 4; lastKnownFileType = sourcecode.c.h; path = SVR_static_lin_regressors.h; sourceTree = "<group>"; };
		04CD9AEF1D1A807C001DF8D4 /* Face_utils.cpp */ = {isa = PBXFileReference; fileEncoding = 4; lastKnownFileType = sourcecode.cpp.cpp; path = Face_utils.cpp; sourceTree = "<group>"; };
		04CD9AF11D1A807C001DF8D4 /* GazeEstimation.cpp */ = {isa = PBXFileReference; fileEncoding = 4; lastKnownFileType = sourcecode.cpp.cpp; path = GazeEstimation.cpp; sourceTree = "<group>"; };
		04CD9AF21D1A807C001DF8D4 /* SVM_dynamic_lin.cpp */ = {isa = PBXFileReference; fileEncoding = 4; lastKnownFileType = sourcecode.cpp.cpp; path = SVM_dynamic_lin.cpp; sourceTree = "<group>"; };
		04CD9AF31D1A807C001DF8D4 /* SVM_static_lin.cpp */ = {isa = PBXFileReference; fileEncoding = 4; lastKnownFileType = sourcecode.cpp.cpp; path = SVM_static_lin.cpp; sourceTree = "<group>"; };
		04CD9AF41D1A807C001DF8D4 /* SVR_dynamic_lin_regressors.cpp */ = {isa = PBXFileReference; fileEncoding = 4; lastKnownFileType = sourcecode.cpp.cpp; path = SVR_dynamic_lin_regressors.cpp; sourceTree = "<group>"; };
		04CD9AF51D1A807C001DF8D4 /* SVR_static_lin_regressors.cpp */ = {isa = PBXFileReference; fileEncoding = 4; lastKnownFileType = sourcecode.cpp.cpp; path = SVR_static_lin_regressors.cpp; sourceTree = "<group>"; };
		04CD9AFF1D1A8085001DF8D4 /* CCNF_patch_expert.h */ = {isa = PBXFileReference; fileEncoding = 4; lastKnownFileType = sourcecode.c.h; path = CCNF_patch_expert.h; sourceTree = "<group>"; };
		04CD9B001D1A8085001DF8D4 /* LandmarkCoreIncludes.h */ = {isa = PBXFileReference; fileEncoding = 4; lastKnownFileType = sourcecode.c.h; path = LandmarkCoreIncludes.h; sourceTree = "<group>"; };
		04CD9B011D1A8085001DF8D4 /* LandmarkDetectionValidator.h */ = {isa = PBXFileReference; fileEncoding = 4; lastKnownFileType = sourcecode.c.h; path = LandmarkDetectionValidator.h; sourceTree = "<group>"; };
		04CD9B021D1A8085001DF8D4 /* LandmarkDetectorFunc.h */ = {isa = PBXFileReference; fileEncoding = 4; lastKnownFileType = sourcecode.c.h; path = LandmarkDetectorFunc.h; sourceTree = "<group>"; };
		04CD9B031D1A8085001DF8D4 /* LandmarkDetectorModel.h */ = {isa = PBXFileReference; fileEncoding = 4; lastKnownFileType = sourcecode.c.h; path = LandmarkDetectorModel.h; sourceTree = "<group>"; };
		04CD9B041D1A8085001DF8D4 /* LandmarkDetectorParameters.h */ = {isa = PBXFileReference; fileEncoding = 4; lastKnownFileType = sourcecode.c.h; path = LandmarkDetectorParameters.h; sourceTree = "<group>"; };
		04CD9B051D1A8085001DF8D4 /* LandmarkDetectorUtils.h */ = {isa = PBXFileReference; fileEncoding = 4; lastKnownFileType = sourcecode.c.h; path = LandmarkDetectorUtils.h; sourceTree = "<group>"; };
		04CD9B061D1A8085001DF8D4 /* Patch_experts.h */ = {isa = PBXFileReference; fileEncoding = 4; lastKnownFileType = sourcecode.c.h; path = Patch_experts.h; sourceTree = "<group>"; };
		04CD9B071D1A8085001DF8D4 /* PAW.h */ = {isa = PBXFileReference; fileEncoding = 4; lastKnownFileType = sourcecode.c.h; path = PAW.h; sourceTree = "<group>"; };
		04CD9B081D1A8085001DF8D4 /* PDM.h */ = {isa = PBXFileReference; fileEncoding = 4; lastKnownFileType = sourcecode.c.h; path = PDM.h; sourceTree = "<group>"; };
		04CD9B091D1A8085001DF8D4 /* stdafx.h */ = {isa = PBXFileReference; fileEncoding = 4; lastKnownFileType = sourcecode.c.h; path = stdafx.h; sourceTree = "<group>"; };
		04CD9B0A1D1A8085001DF8D4 /* SVR_patch_expert.h */ = {isa = PBXFileReference; fileEncoding = 4; lastKnownFileType = sourcecode.c.h; path = SVR_patch_expert.h; sourceTree = "<group>"; };
		04CD9B4A1D1A8085001DF8D4 /* CCNF_patch_expert.cpp */ = {isa = PBXFileReference; fileEncoding = 4; lastKnownFileType = sourcecode.cpp.cpp; path = CCNF_patch_expert.cpp; sourceTree = "<group>"; };
		04CD9B4B1D1A8085001DF8D4 /* LandmarkDetectionValidator.cpp */ = {isa = PBXFileReference; fileEncoding = 4; lastKnownFileType = sourcecode.cpp.cpp; path = LandmarkDetectionValidator.cpp; sourceTree = "<group>"; };
		04CD9B4C1D1A8085001DF8D4 /* LandmarkDetectorFunc.cpp */ = {isa = PBXFileReference; fileEncoding = 4; lastKnownFileType = sourcecode.cpp.cpp; path = LandmarkDetectorFunc.cpp; sourceTree = "<group>"; };
		04CD9B4D1D1A8085001DF8D4 /* LandmarkDetectorModel.cpp */ = {isa = PBXFileReference; fileEncoding = 4; lastKnownFileType = sourcecode.cpp.cpp; path = LandmarkDetectorModel.cpp; sourceTree = "<group>"; };
		04CD9B4E1D1A8085001DF8D4 /* LandmarkDetectorParameters.cpp */ = {isa = PBXFileReference; fileEncoding = 4; lastKnownFileType = sourcecode.cpp.cpp; path = LandmarkDetectorParameters.cpp; sourceTree = "<group>"; };
		04CD9B4F1D1A8085001DF8D4 /* LandmarkDetectorUtils.cpp */ = {isa = PBXFileReference; fileEncoding = 4; lastKnownFileType = sourcecode.cpp.cpp; path = LandmarkDetectorUtils.cpp; sourceTree = "<group>"; };
		04CD9B501D1A8085001DF8D4 /* Patch_experts.cpp */ = {isa = PBXFileReference; fileEncoding = 4; lastKnownFileType = sourcecode.cpp.cpp; path = Patch_experts.cpp; sourceTree = "<group>"; };
		04CD9B511D1A8085001DF8D4 /* PAW.cpp */ = {isa = PBXFileReference; fileEncoding = 4; lastKnownFileType = sourcecode.cpp.cpp; path = PAW.cpp; sourceTree = "<group>"; };
		04CD9B521D1A8085001DF8D4 /* PDM.cpp */ = {isa = PBXFileReference; fileEncoding = 4; lastKnownFileType = sourcecode.cpp.cpp; path = PDM.cpp; sourceTree = "<group>"; };
		04CD9B531D1A8085001DF8D4 /* stdafx.cpp */ = {isa = PBXFileReference; fileEncoding = 4; lastKnownFileType = sourcecode.cpp.cpp; path = stdafx.cpp; sourceTree = "<group>"; };
		04CD9B541D1A8085001DF8D4 /* SVR_patch_expert.cpp */ = {isa = PBXFileReference; fileEncoding = 4; lastKnownFileType = sourcecode.cpp.cpp; path = SVR_patch_expert.cpp; sourceTree = "<group>"; };
		04CD9B601D1A81B7001DF8D4 /* FaceDetector.cpp */ = {isa = PBXFileReference; fileEncoding = 4; lastKnownFileType = sourcecode.cpp.cpp; name = FaceDetector.cpp; path = CvEffects/FaceDetector.cpp; sourceTree = "<group>"; };
		04CD9B611D1A81B7001DF8D4 /* FaceDetector.hpp */ = {isa = PBXFileReference; fileEncoding = 4; lastKnownFileType = sourcecode.cpp.h; name = FaceDetector.hpp; path = CvEffects/FaceDetector.hpp; sourceTree = "<group>"; };
		510745891750F11F00B6CCD9 /* Processing.hpp */ = {isa = PBXFileReference; lastKnownFileType = sourcecode.cpp.h; path = Processing.hpp; sourceTree = "<group>"; };
		5107458A1750F1BC00B6CCD9 /* Processing_NEON.cpp */ = {isa = PBXFileReference; fileEncoding = 4; lastKnownFileType = sourcecode.cpp.cpp; path = Processing_NEON.cpp; sourceTree = "<group>"; };
		5107458C1750F25400B6CCD9 /* Processing.cpp */ = {isa = PBXFileReference; fileEncoding = 4; lastKnownFileType = sourcecode.cpp.cpp; path = Processing.cpp; sourceTree = "<group>"; };
		5168F9A7175245F000FC67D8 /* Accelerate.framework */ = {isa = PBXFileReference; lastKnownFileType = wrapper.framework; name = Accelerate.framework; path = System/Library/Frameworks/Accelerate.framework; sourceTree = SDKROOT; };
		5168F9AA1752622C00FC67D8 /* Processing_Accelerate.cpp */ = {isa = PBXFileReference; fileEncoding = 4; lastKnownFileType = sourcecode.cpp.cpp; path = Processing_Accelerate.cpp; sourceTree = "<group>"; };
		51E204271747A1C3005C39DB /* libdetector.a */ = {isa = PBXFileReference; explicitFileType = archive.ar; includeInIndex = 0; path = libdetector.a; sourceTree = BUILT_PRODUCTS_DIR; };
		51E2042A1747A1C3005C39DB /* Foundation.framework */ = {isa = PBXFileReference; lastKnownFileType = wrapper.framework; name = Foundation.framework; path = System/Library/Frameworks/Foundation.framework; sourceTree = SDKROOT; };
		51E204471747A4C6005C39DB /* opencv2.framework */ = {isa = PBXFileReference; lastKnownFileType = wrapper.framework; name = opencv2.framework; path = ../opencv2.framework; sourceTree = "<group>"; };
		51E2044A1747B290005C39DB /* detector-Prefix.pch */ = {isa = PBXFileReference; fileEncoding = 4; lastKnownFileType = sourcecode.c.h; path = "detector-Prefix.pch"; sourceTree = "<group>"; };
		51E2044C1747B307005C39DB /* lena.jpg */ = {isa = PBXFileReference; lastKnownFileType = image.jpeg; name = lena.jpg; path = CvEffects/lena.jpg; sourceTree = "<group>"; };
		51E2044D1747B307005C39DB /* texture.jpg */ = {isa = PBXFileReference; lastKnownFileType = image.jpeg; name = texture.jpg; path = CvEffects/texture.jpg; sourceTree = "<group>"; };
		51E2044E1747B307005C39DB /* text.png */ = {isa = PBXFileReference; lastKnownFileType = image.png; name = text.png; path = CvEffects/text.png; sourceTree = "<group>"; };
		51E2045E1748A890005C39DB /* PostcardPrinter.cpp */ = {isa = PBXFileReference; fileEncoding = 4; lastKnownFileType = sourcecode.cpp.cpp; name = PostcardPrinter.cpp; path = CvEffects/PostcardPrinter.cpp; sourceTree = SOURCE_ROOT; };
		51E2045F1748A890005C39DB /* PostcardPrinter.hpp */ = {isa = PBXFileReference; fileEncoding = 4; lastKnownFileType = sourcecode.cpp.h; name = PostcardPrinter.hpp; path = CvEffects/PostcardPrinter.hpp; sourceTree = SOURCE_ROOT; };
		83FA79671749096700248405 /* fuzzy_border.png */ = {isa = PBXFileReference; lastKnownFileType = image.png; name = fuzzy_border.png; path = CvEffects/fuzzy_border.png; sourceTree = "<group>"; };
		83FA79681749096700248405 /* RetroFilter.cpp */ = {isa = PBXFileReference; fileEncoding = 4; lastKnownFileType = sourcecode.cpp.cpp; name = RetroFilter.cpp; path = CvEffects/RetroFilter.cpp; sourceTree = "<group>"; };
		83FA79691749096700248405 /* RetroFilter.hpp */ = {isa = PBXFileReference; fileEncoding = 4; lastKnownFileType = sourcecode.cpp.h; name = RetroFilter.hpp; path = CvEffects/RetroFilter.hpp; sourceTree = "<group>"; };
		83FA796A1749096700248405 /* scratches.png */ = {isa = PBXFileReference; lastKnownFileType = image.png; name = scratches.png; path = CvEffects/scratches.png; sourceTree = "<group>"; };
/* End PBXFileReference section */

/* Begin PBXFrameworksBuildPhase section */
		51E204241747A1C3005C39DB /* Frameworks */ = {
			isa = PBXFrameworksBuildPhase;
			buildActionMask = 2147483647;
			files = (
				5168F9A91752464E00FC67D8 /* Accelerate.framework in Frameworks */,
				51E2042B1747A1C3005C39DB /* Foundation.framework in Frameworks */,
				51E204481747A4C6005C39DB /* opencv2.framework in Frameworks */,
			);
			runOnlyForDeploymentPostprocessing = 0;
		};
/* End PBXFrameworksBuildPhase section */

/* Begin PBXGroup section */
		04CD9A9F1D1A7E32001DF8D4 /* boost */ = {
			isa = PBXGroup;
			children = (
				04CD9AA11D1A7E46001DF8D4 /* system */,
				04CD9AA01D1A7E40001DF8D4 /* filesystem */,
			);
			name = boost;
			sourceTree = "<group>";
		};
		04CD9AA01D1A7E40001DF8D4 /* filesystem */ = {
			isa = PBXGroup;
			children = (
				04CD9AA41D1A7EF7001DF8D4 /* codecvt_error_category.cpp */,
				04CD9AA51D1A7EF7001DF8D4 /* operations.cpp */,
				04CD9AA61D1A7EF7001DF8D4 /* path_traits.cpp */,
				04CD9AA71D1A7EF7001DF8D4 /* path.cpp */,
				04CD9AA81D1A7EF7001DF8D4 /* portability.cpp */,
				04CD9AA91D1A7EF7001DF8D4 /* unique_path.cpp */,
				04CD9AAA1D1A7EF7001DF8D4 /* utf8_codecvt_facet.cpp */,
				04CD9AAB1D1A7EF7001DF8D4 /* windows_file_codecvt.cpp */,
				04CD9AAC1D1A7EF7001DF8D4 /* windows_file_codecvt.hpp */,
			);
			name = filesystem;
			sourceTree = "<group>";
		};
		04CD9AA11D1A7E46001DF8D4 /* system */ = {
			isa = PBXGroup;
			children = (
				04CD9AA21D1A7E52001DF8D4 /* error_code.cpp */,
			);
			name = system;
			sourceTree = "<group>";
		};
		04CD9AB51D1A7F24001DF8D4 /* dlib */ = {
			isa = PBXGroup;
			children = (
				04CD9AB61D1A7FAE001DF8D4 /* source.cpp */,
			);
			name = dlib;
			sourceTree = "<group>";
		};
		04CD9AB91D1A807B001DF8D4 /* FaceAnalyser */ = {
			isa = PBXGroup;
			children = (
				04CD9AE61D1A807C001DF8D4 /* include */,
				04CD9AEE1D1A807C001DF8D4 /* src */,
			);
			path = FaceAnalyser;
			sourceTree = "<group>";
		};
		04CD9AE61D1A807C001DF8D4 /* include */ = {
			isa = PBXGroup;
			children = (
				04CD9AE71D1A807C001DF8D4 /* Face_utils.h */,
				04CD9AE91D1A807C001DF8D4 /* GazeEstimation.h */,
				04CD9AEA1D1A807C001DF8D4 /* SVM_dynamic_lin.h */,
				04CD9AEB1D1A807C001DF8D4 /* SVM_static_lin.h */,
				04CD9AEC1D1A807C001DF8D4 /* SVR_dynamic_lin_regressors.h */,
				04CD9AED1D1A807C001DF8D4 /* SVR_static_lin_regressors.h */,
			);
			path = include;
			sourceTree = "<group>";
		};
		04CD9AEE1D1A807C001DF8D4 /* src */ = {
			isa = PBXGroup;
			children = (
				04CD9AEF1D1A807C001DF8D4 /* Face_utils.cpp */,
				04CD9AF11D1A807C001DF8D4 /* GazeEstimation.cpp */,
				04CD9AF21D1A807C001DF8D4 /* SVM_dynamic_lin.cpp */,
				04CD9AF31D1A807C001DF8D4 /* SVM_static_lin.cpp */,
				04CD9AF41D1A807C001DF8D4 /* SVR_dynamic_lin_regressors.cpp */,
				04CD9AF51D1A807C001DF8D4 /* SVR_static_lin_regressors.cpp */,
			);
			path = src;
			sourceTree = "<group>";
		};
		04CD9AFD1D1A8085001DF8D4 /* LandmarkDetector */ = {
			isa = PBXGroup;
			children = (
				04CD9AFE1D1A8085001DF8D4 /* include */,
				04CD9B491D1A8085001DF8D4 /* src */,
			);
			path = LandmarkDetector;
			sourceTree = "<group>";
		};
		04CD9AFE1D1A8085001DF8D4 /* include */ = {
			isa = PBXGroup;
			children = (
				04CD9AFF1D1A8085001DF8D4 /* CCNF_patch_expert.h */,
				04CD9B001D1A8085001DF8D4 /* LandmarkCoreIncludes.h */,
				04CD9B011D1A8085001DF8D4 /* LandmarkDetectionValidator.h */,
				04CD9B021D1A8085001DF8D4 /* LandmarkDetectorFunc.h */,
				04CD9B031D1A8085001DF8D4 /* LandmarkDetectorModel.h */,
				04CD9B041D1A8085001DF8D4 /* LandmarkDetectorParameters.h */,
				04CD9B051D1A8085001DF8D4 /* LandmarkDetectorUtils.h */,
				04CD9B061D1A8085001DF8D4 /* Patch_experts.h */,
				04CD9B071D1A8085001DF8D4 /* PAW.h */,
				04CD9B081D1A8085001DF8D4 /* PDM.h */,
				04CD9B091D1A8085001DF8D4 /* stdafx.h */,
				04CD9B0A1D1A8085001DF8D4 /* SVR_patch_expert.h */,
			);
			path = include;
			sourceTree = "<group>";
		};
		04CD9B491D1A8085001DF8D4 /* src */ = {
			isa = PBXGroup;
			children = (
				04CD9B4A1D1A8085001DF8D4 /* CCNF_patch_expert.cpp */,
				04CD9B4B1D1A8085001DF8D4 /* LandmarkDetectionValidator.cpp */,
				04CD9B4C1D1A8085001DF8D4 /* LandmarkDetectorFunc.cpp */,
				04CD9B4D1D1A8085001DF8D4 /* LandmarkDetectorModel.cpp */,
				04CD9B4E1D1A8085001DF8D4 /* LandmarkDetectorParameters.cpp */,
				04CD9B4F1D1A8085001DF8D4 /* LandmarkDetectorUtils.cpp */,
				04CD9B501D1A8085001DF8D4 /* Patch_experts.cpp */,
				04CD9B511D1A8085001DF8D4 /* PAW.cpp */,
				04CD9B521D1A8085001DF8D4 /* PDM.cpp */,
				04CD9B531D1A8085001DF8D4 /* stdafx.cpp */,
				04CD9B541D1A8085001DF8D4 /* SVR_patch_expert.cpp */,
			);
			path = src;
			sourceTree = "<group>";
		};
		510745701750B46A00B6CCD9 /* FaceAnimator */ = {
			isa = PBXGroup;
			children = (
				04CD9B601D1A81B7001DF8D4 /* FaceDetector.cpp */,
				04CD9B611D1A81B7001DF8D4 /* FaceDetector.hpp */,
			);
			name = FaceAnimator;
			sourceTree = "<group>";
		};
		51DDCAE91780794700DA10F4 /* PostcardPrinter */ = {
			isa = PBXGroup;
			children = (
				51E2044C1747B307005C39DB /* lena.jpg */,
				51E2044D1747B307005C39DB /* texture.jpg */,
				51E2044E1747B307005C39DB /* text.png */,
				51E2045E1748A890005C39DB /* PostcardPrinter.cpp */,
				51E2045F1748A890005C39DB /* PostcardPrinter.hpp */,
			);
			name = PostcardPrinter;
			sourceTree = "<group>";
		};
		51DDCAEA1780798500DA10F4 /* RetroFilter */ = {
			isa = PBXGroup;
			children = (
				83FA79671749096700248405 /* fuzzy_border.png */,
				83FA796A1749096700248405 /* scratches.png */,
				83FA79691749096700248405 /* RetroFilter.hpp */,
				83FA79681749096700248405 /* RetroFilter.cpp */,
			);
			name = RetroFilter;
			sourceTree = "<group>";
		};
		51E2041E1747A1C3005C39DB = {
			isa = PBXGroup;
			children = (
				04CD9AFD1D1A8085001DF8D4 /* LandmarkDetector */,
				04CD9AB91D1A807B001DF8D4 /* FaceAnalyser */,
				04CD9AB51D1A7F24001DF8D4 /* dlib */,
				04CD9A9F1D1A7E32001DF8D4 /* boost */,
				51DDCAEA1780798500DA10F4 /* RetroFilter */,
				51DDCAE91780794700DA10F4 /* PostcardPrinter */,
				510745701750B46A00B6CCD9 /* FaceAnimator */,
				51E2042C1747A1C3005C39DB /* Processing */,
				51E204291747A1C3005C39DB /* Frameworks */,
				51E204281747A1C3005C39DB /* Products */,
			);
			sourceTree = "<group>";
		};
		51E204281747A1C3005C39DB /* Products */ = {
			isa = PBXGroup;
			children = (
				51E204271747A1C3005C39DB /* libdetector.a */,
			);
			name = Products;
			sourceTree = "<group>";
		};
		51E204291747A1C3005C39DB /* Frameworks */ = {
			isa = PBXGroup;
			children = (
				5168F9A7175245F000FC67D8 /* Accelerate.framework */,
				51E204471747A4C6005C39DB /* opencv2.framework */,
				51E2042A1747A1C3005C39DB /* Foundation.framework */,
			);
			name = Frameworks;
			sourceTree = "<group>";
		};
		51E2042C1747A1C3005C39DB /* Processing */ = {
			isa = PBXGroup;
			children = (
				510745891750F11F00B6CCD9 /* Processing.hpp */,
				5107458C1750F25400B6CCD9 /* Processing.cpp */,
				5107458A1750F1BC00B6CCD9 /* Processing_NEON.cpp */,
				5168F9AA1752622C00FC67D8 /* Processing_Accelerate.cpp */,
				51E2042D1747A1C3005C39DB /* Supporting Files */,
			);
			name = Processing;
			path = CvEffects;
			sourceTree = "<group>";
		};
		51E2042D1747A1C3005C39DB /* Supporting Files */ = {
			isa = PBXGroup;
			children = (
				51E2044A1747B290005C39DB /* detector-Prefix.pch */,
			);
			name = "Supporting Files";
			sourceTree = "<group>";
		};
/* End PBXGroup section */

/* Begin PBXNativeTarget section */
		51E204261747A1C3005C39DB /* detector */ = {
			isa = PBXNativeTarget;
			buildConfigurationList = 51E204351747A1C3005C39DB /* Build configuration list for PBXNativeTarget "detector" */;
			buildPhases = (
				51E204231747A1C3005C39DB /* Sources */,
				51E204241747A1C3005C39DB /* Frameworks */,
				51E204251747A1C3005C39DB /* CopyFiles */,
			);
			buildRules = (
			);
			dependencies = (
			);
			name = detector;
			productName = CvEffects;
			productReference = 51E204271747A1C3005C39DB /* libdetector.a */;
			productType = "com.apple.product-type.library.static";
		};
/* End PBXNativeTarget section */

/* Begin PBXProject section */
		51E2041F1747A1C3005C39DB /* Project object */ = {
			isa = PBXProject;
			attributes = {
				LastUpgradeCheck = 0460;
				ORGANIZATIONNAME = "Alexander Shishkov & Kirill Kornyakov";
			};
			buildConfigurationList = 51E204221747A1C3005C39DB /* Build configuration list for PBXProject "detector" */;
			compatibilityVersion = "Xcode 3.2";
			developmentRegion = English;
			hasScannedForEncodings = 0;
			knownRegions = (
				en,
			);
			mainGroup = 51E2041E1747A1C3005C39DB;
			productRefGroup = 51E204281747A1C3005C39DB /* Products */;
			projectDirPath = "";
			projectRoot = "";
			targets = (
				51E204261747A1C3005C39DB /* detector */,
			);
		};
/* End PBXProject section */

/* Begin PBXSourcesBuildPhase section */
		51E204231747A1C3005C39DB /* Sources */ = {
			isa = PBXSourcesBuildPhase;
			buildActionMask = 2147483647;
			files = (
				51E204601748A890005C39DB /* PostcardPrinter.cpp in Sources */,
				04CD9AAD1D1A7EF7001DF8D4 /* codecvt_error_category.cpp in Sources */,
				04CD9AFB1D1A807C001DF8D4 /* SVR_dynamic_lin_regressors.cpp in Sources */,
				04CD9AB21D1A7EF7001DF8D4 /* unique_path.cpp in Sources */,
				04CD9AAE1D1A7EF7001DF8D4 /* operations.cpp in Sources */,
				83FA796B1749096700248405 /* RetroFilter.cpp in Sources */,
				04CD9AB31D1A7EF7001DF8D4 /* utf8_codecvt_facet.cpp in Sources */,
				04CD9AFA1D1A807C001DF8D4 /* SVM_static_lin.cpp in Sources */,
				04CD9AAF1D1A7EF7001DF8D4 /* path_traits.cpp in Sources */,
				04CD9AF61D1A807C001DF8D4 /* Face_utils.cpp in Sources */,
				04CD9AA31D1A7E52001DF8D4 /* error_code.cpp in Sources */,
				04CD9B561D1A8085001DF8D4 /* LandmarkDetectionValidator.cpp in Sources */,
				5107458B1750F1BC00B6CCD9 /* Processing_NEON.cpp in Sources */,
				04CD9B5A1D1A8085001DF8D4 /* LandmarkDetectorUtils.cpp in Sources */,
				04CD9B5F1D1A8085001DF8D4 /* SVR_patch_expert.cpp in Sources */,
				04CD9B5B1D1A8085001DF8D4 /* Patch_experts.cpp in Sources */,
				04CD9B571D1A8085001DF8D4 /* LandmarkDetectorFunc.cpp in Sources */,
				04CD9B551D1A8085001DF8D4 /* CCNF_patch_expert.cpp in Sources */,
				04CD9AB01D1A7EF7001DF8D4 /* path.cpp in Sources */,
				5107458D1750F25400B6CCD9 /* Processing.cpp in Sources */,
				04CD9AB71D1A7FAE001DF8D4 /* source.cpp in Sources */,
				04CD9AF81D1A807C001DF8D4 /* GazeEstimation.cpp in Sources */,
				04CD9B5C1D1A8085001DF8D4 /* PAW.cpp in Sources */,
				04CD9AF91D1A807C001DF8D4 /* SVM_dynamic_lin.cpp in Sources */,
				04CD9B5D1D1A8085001DF8D4 /* PDM.cpp in Sources */,
				04CD9AB41D1A7EF7001DF8D4 /* windows_file_codecvt.cpp in Sources */,
				04CD9B591D1A8085001DF8D4 /* LandmarkDetectorParameters.cpp in Sources */,
				04CD9AFC1D1A807C001DF8D4 /* SVR_static_lin_regressors.cpp in Sources */,
				04CD9B621D1A81B7001DF8D4 /* FaceDetector.cpp in Sources */,
				04CD9B581D1A8085001DF8D4 /* LandmarkDetectorModel.cpp in Sources */,
				04CD9B5E1D1A8085001DF8D4 /* stdafx.cpp in Sources */,
				5168F9AB1752622C00FC67D8 /* Processing_Accelerate.cpp in Sources */,
				04CD9AB11D1A7EF7001DF8D4 /* portability.cpp in Sources */,
			);
			runOnlyForDeploymentPostprocessing = 0;
		};
/* End PBXSourcesBuildPhase section */

/* Begin XCBuildConfiguration section */
		51E204331747A1C3005C39DB /* Debug */ = {
			isa = XCBuildConfiguration;
			buildSettings = {
				ALWAYS_SEARCH_USER_PATHS = NO;
				CLANG_CXX_LANGUAGE_STANDARD = "gnu++0x";
				CLANG_CXX_LIBRARY = "libc++";
				CLANG_ENABLE_OBJC_ARC = YES;
				CLANG_WARN_CONSTANT_CONVERSION = YES;
				CLANG_WARN_EMPTY_BODY = YES;
				CLANG_WARN_ENUM_CONVERSION = YES;
				CLANG_WARN_INT_CONVERSION = YES;
				CLANG_WARN__DUPLICATE_METHOD_MATCH = YES;
				COPY_PHASE_STRIP = NO;
				GCC_C_LANGUAGE_STANDARD = gnu99;
				GCC_DYNAMIC_NO_PIC = NO;
				GCC_OPTIMIZATION_LEVEL = 0;
				GCC_PREPROCESSOR_DEFINITIONS = (
					"DEBUG=1",
					"$(inherited)",
				);
				GCC_SYMBOLS_PRIVATE_EXTERN = NO;
				GCC_WARN_ABOUT_RETURN_TYPE = YES;
				GCC_WARN_UNINITIALIZED_AUTOS = YES;
				GCC_WARN_UNUSED_VARIABLE = YES;
				IPHONEOS_DEPLOYMENT_TARGET = 6.1;
				ONLY_ACTIVE_ARCH = YES;
				SDKROOT = iphoneos;
			};
			name = Debug;
		};
		51E204341747A1C3005C39DB /* Release */ = {
			isa = XCBuildConfiguration;
			buildSettings = {
				ALWAYS_SEARCH_USER_PATHS = NO;
				CLANG_CXX_LANGUAGE_STANDARD = "gnu++0x";
				CLANG_CXX_LIBRARY = "libc++";
				CLANG_ENABLE_OBJC_ARC = YES;
				CLANG_WARN_CONSTANT_CONVERSION = YES;
				CLANG_WARN_EMPTY_BODY = YES;
				CLANG_WARN_ENUM_CONVERSION = YES;
				CLANG_WARN_INT_CONVERSION = YES;
				CLANG_WARN__DUPLICATE_METHOD_MATCH = YES;
				COPY_PHASE_STRIP = YES;
				GCC_C_LANGUAGE_STANDARD = gnu99;
				GCC_WARN_ABOUT_RETURN_TYPE = YES;
				GCC_WARN_UNINITIALIZED_AUTOS = YES;
				GCC_WARN_UNUSED_VARIABLE = YES;
				IPHONEOS_DEPLOYMENT_TARGET = 6.1;
				SDKROOT = iphoneos;
				VALIDATE_PRODUCT = YES;
			};
			name = Release;
		};
		51E204361747A1C3005C39DB /* Debug */ = {
			isa = XCBuildConfiguration;
			buildSettings = {
				DSTROOT = /tmp/CvEffects.dst;
				FRAMEWORK_SEARCH_PATHS = (
					"$(inherited)",
					"\"$(SRCROOT)/../ios_mac\"",
				);
				GCC_OPTIMIZATION_LEVEL = 2;
				GCC_PRECOMPILE_PREFIX_HEADER = YES;
				GCC_PREFIX_HEADER = "CvEffects/detector-Prefix.pch";
				GCC_PREPROCESSOR_DEFINITIONS = (
					"DEBUG=1",
					"$(inherited)",
					DLIB_NO_GUI_SUPPORT,
				);
				HEADER_SEARCH_PATHS = (
					"$(SRCROOT)/boost",
					"$(SRCROOT)",
					/Users/mac/MyWorks/HongNuo/face_detector/detector/LandmarkDetector/include,
					/Users/mac/MyWorks/HongNuo/face_detector/detector/FaceAnalyser/include,
				);
				OTHER_LDFLAGS = "-ObjC";
				PRODUCT_NAME = detector;
				SKIP_INSTALL = YES;
			};
			name = Debug;
		};
		51E204371747A1C3005C39DB /* Release */ = {
			isa = XCBuildConfiguration;
			buildSettings = {
				DSTROOT = /tmp/CvEffects.dst;
				FRAMEWORK_SEARCH_PATHS = (
					"$(inherited)",
					"\"$(SRCROOT)/../ios_mac\"",
				);
				GCC_OPTIMIZATION_LEVEL = 3;
				GCC_PRECOMPILE_PREFIX_HEADER = YES;
				GCC_PREFIX_HEADER = "CvEffects/detector-Prefix.pch";
				GCC_PREPROCESSOR_DEFINITIONS = DLIB_NO_GUI_SUPPORT;
				HEADER_SEARCH_PATHS = (
					"$(SRCROOT)/boost",
					"$(SRCROOT)",
					/Users/mac/MyWorks/HongNuo/face_detector/detector/LandmarkDetector/include,
					/Users/mac/MyWorks/HongNuo/face_detector/detector/FaceAnalyser/include,
				);
				OTHER_LDFLAGS = "-ObjC";
				PRODUCT_NAME = detector;
				SKIP_INSTALL = YES;
			};
			name = Release;
		};
/* End XCBuildConfiguration section */

/* Begin XCConfigurationList section */
		51E204221747A1C3005C39DB /* Build configuration list for PBXProject "detector" */ = {
			isa = XCConfigurationList;
			buildConfigurations = (
				51E204331747A1C3005C39DB /* Debug */,
				51E204341747A1C3005C39DB /* Release */,
			);
			defaultConfigurationIsVisible = 0;
			defaultConfigurationName = Release;
		};
		51E204351747A1C3005C39DB /* Build configuration list for PBXNativeTarget "detector" */ = {
			isa = XCConfigurationList;
			buildConfigurations = (
				51E204361747A1C3005C39DB /* Debug */,
				51E204371747A1C3005C39DB /* Release */,
			);
			defaultConfigurationIsVisible = 0;
			defaultConfigurationName = Release;
		};
/* End XCConfigurationList section */
	};
	rootObject = 51E2041F1747A1C3005C39DB /* Project object */;
}
