// !$*UTF8*$!
{
	archiveVersion = 1;
	classes = {
	};
	objectVersion = 46;
	objects = {

/* Begin PBXBuildFile section */
		044302EC1D1A36820094CF34 /* opencv2.framework in Frameworks */ = {isa = PBXBuildFile; fileRef = 044302EB1D1A36820094CF34 /* opencv2.framework */; };
		044303011D1A399A0094CF34 /* AppDelegate.m in Sources */ = {isa = PBXBuildFile; fileRef = 044302FE1D1A399A0094CF34 /* AppDelegate.m */; };
		044303021D1A399A0094CF34 /* ViewController.m in Sources */ = {isa = PBXBuildFile; fileRef = 044303001D1A399A0094CF34 /* ViewController.m */; };
		044303071D1A39AA0094CF34 /* MainStoryboard_iPad.storyboard in Resources */ = {isa = PBXBuildFile; fileRef = 044303031D1A39AA0094CF34 /* MainStoryboard_iPad.storyboard */; };
		044303081D1A39AA0094CF34 /* MainStoryboard_iPhone.storyboard in Resources */ = {isa = PBXBuildFile; fileRef = 044303051D1A39AA0094CF34 /* MainStoryboard_iPhone.storyboard */; };
		0443030F1D1A39E70094CF34 /* face_detector.plist in Resources */ = {isa = PBXBuildFile; fileRef = 044303091D1A39E70094CF34 /* face_detector.plist */; };
		044303101D1A39E70094CF34 /* Default-568h@2x.png in Resources */ = {isa = PBXBuildFile; fileRef = 0443030B1D1A39E70094CF34 /* Default-568h@2x.png */; };
		044303111D1A39E70094CF34 /* Default.png in Resources */ = {isa = PBXBuildFile; fileRef = 0443030C1D1A39E70094CF34 /* Default.png */; };
		044303121D1A39E70094CF34 /* Default@2x.png in Resources */ = {isa = PBXBuildFile; fileRef = 0443030D1D1A39E70094CF34 /* Default@2x.png */; };
		044303131D1A39E70094CF34 /* main.m in Sources */ = {isa = PBXBuildFile; fileRef = 0443030E1D1A39E70094CF34 /* main.m */; };
		044303161D1A3A400094CF34 /* InfoPlist.strings in Resources */ = {isa = PBXBuildFile; fileRef = 044303141D1A3A400094CF34 /* InfoPlist.strings */; };
		0499509C1D1A3E3500730EF1 /* libdetector.a in Frameworks */ = {isa = PBXBuildFile; fileRef = 0499509B1D1A3DF500730EF1 /* libdetector.a */; };
		049950A21D1A3E5300730EF1 /* glasses.png in Resources */ = {isa = PBXBuildFile; fileRef = 0499509D1D1A3E5300730EF1 /* glasses.png */; };
		049950A31D1A3E5300730EF1 /* haarcascade_mcs_eyepair_big.xml in Resources */ = {isa = PBXBuildFile; fileRef = 0499509E1D1A3E5300730EF1 /* haarcascade_mcs_eyepair_big.xml */; };
		049950A41D1A3E5300730EF1 /* haarcascade_mcs_mouth.xml in Resources */ = {isa = PBXBuildFile; fileRef = 0499509F1D1A3E5300730EF1 /* haarcascade_mcs_mouth.xml */; };
		049950A51D1A3E5300730EF1 /* lbpcascade_frontalface.xml in Resources */ = {isa = PBXBuildFile; fileRef = 049950A01D1A3E5300730EF1 /* lbpcascade_frontalface.xml */; };
		049950A61D1A3E5300730EF1 /* mustache.png in Resources */ = {isa = PBXBuildFile; fileRef = 049950A11D1A3E5300730EF1 /* mustache.png */; };
		83FA79131748FE9000248405 /* UIKit.framework in Frameworks */ = {isa = PBXBuildFile; fileRef = 83FA79121748FE9000248405 /* UIKit.framework */; };
		83FA79151748FE9000248405 /* Foundation.framework in Frameworks */ = {isa = PBXBuildFile; fileRef = 83FA79141748FE9000248405 /* Foundation.framework */; };
		83FA79171748FE9000248405 /* CoreGraphics.framework in Frameworks */ = {isa = PBXBuildFile; fileRef = 83FA79161748FE9000248405 /* CoreGraphics.framework */; };
		83FA793D1748FF3300248405 /* Accelerate.framework in Frameworks */ = {isa = PBXBuildFile; fileRef = 83FA793A1748FF3300248405 /* Accelerate.framework */; };
		83FA793E1748FF3300248405 /* AssetsLibrary.framework in Frameworks */ = {isa = PBXBuildFile; fileRef = 83FA793B1748FF3300248405 /* AssetsLibrary.framework */; };
		83FA793F1748FF3300248405 /* AVFoundation.framework in Frameworks */ = {isa = PBXBuildFile; fileRef = 83FA793C1748FF3300248405 /* AVFoundation.framework */; };
		83FA79431748FF3F00248405 /* CoreImage.framework in Frameworks */ = {isa = PBXBuildFile; fileRef = 83FA79401748FF3F00248405 /* CoreImage.framework */; };
		83FA79441748FF3F00248405 /* CoreMedia.framework in Frameworks */ = {isa = PBXBuildFile; fileRef = 83FA79411748FF3F00248405 /* CoreMedia.framework */; };
		83FA79451748FF3F00248405 /* CoreVideo.framework in Frameworks */ = {isa = PBXBuildFile; fileRef = 83FA79421748FF3F00248405 /* CoreVideo.framework */; };
		83FA79471748FF4A00248405 /* QuartzCore.framework in Frameworks */ = {isa = PBXBuildFile; fileRef = 83FA79461748FF4A00248405 /* QuartzCore.framework */; };
/* End PBXBuildFile section */

/* Begin PBXContainerItemProxy section */
		0499509A1D1A3DF500730EF1 /* PBXContainerItemProxy */ = {
			isa = PBXContainerItemProxy;
			containerPortal = 049950961D1A3DF500730EF1 /* detector.xcodeproj */;
			proxyType = 2;
			remoteGlobalIDString = 51E204271747A1C3005C39DB;
			remoteInfo = detector;
		};
/* End PBXContainerItemProxy section */

/* Begin PBXFileReference section */
		044302EB1D1A36820094CF34 /* opencv2.framework */ = {isa = PBXFileReference; lastKnownFileType = wrapper.framework; path = opencv2.framework; sourceTree = "<group>"; };
		044302FD1D1A399A0094CF34 /* AppDelegate.h */ = {isa = PBXFileReference; fileEncoding = 4; lastKnownFileType = sourcecode.c.h; name = AppDelegate.h; path = ios/AppDelegate.h; sourceTree = SOURCE_ROOT; };
		044302FE1D1A399A0094CF34 /* AppDelegate.m */ = {isa = PBXFileReference; fileEncoding = 4; lastKnownFileType = sourcecode.c.objc; name = AppDelegate.m; path = ios/AppDelegate.m; sourceTree = SOURCE_ROOT; };
		044302FF1D1A399A0094CF34 /* ViewController.h */ = {isa = PBXFileReference; fileEncoding = 4; lastKnownFileType = sourcecode.c.h; name = ViewController.h; path = ios/ViewController.h; sourceTree = SOURCE_ROOT; };
		044303001D1A399A0094CF34 /* ViewController.m */ = {isa = PBXFileReference; fileEncoding = 4; lastKnownFileType = sourcecode.c.objc; name = ViewController.m; path = ios/ViewController.m; sourceTree = SOURCE_ROOT; };
		044303041D1A39AA0094CF34 /* en */ = {isa = PBXFileReference; lastKnownFileType = file.storyboard; name = en; path = ios/en.lproj/MainStoryboard_iPad.storyboard; sourceTree = SOURCE_ROOT; };
		044303061D1A39AA0094CF34 /* en */ = {isa = PBXFileReference; lastKnownFileType = file.storyboard; name = en; path = ios/en.lproj/MainStoryboard_iPhone.storyboard; sourceTree = SOURCE_ROOT; };
		044303091D1A39E70094CF34 /* face_detector.plist */ = {isa = PBXFileReference; fileEncoding = 4; lastKnownFileType = text.plist.xml; name = face_detector.plist; path = ios/face_detector.plist; sourceTree = SOURCE_ROOT; };
		0443030A1D1A39E70094CF34 /* face_detector.pch */ = {isa = PBXFileReference; fileEncoding = 4; lastKnownFileType = sourcecode.c.h; name = face_detector.pch; path = ios/face_detector.pch; sourceTree = SOURCE_ROOT; };
		0443030B1D1A39E70094CF34 /* Default-568h@2x.png */ = {isa = PBXFileReference; lastKnownFileType = image.png; name = "Default-568h@2x.png"; path = "ios/Default-568h@2x.png"; sourceTree = SOURCE_ROOT; };
		0443030C1D1A39E70094CF34 /* Default.png */ = {isa = PBXFileReference; lastKnownFileType = image.png; name = Default.png; path = ios/Default.png; sourceTree = SOURCE_ROOT; };
		0443030D1D1A39E70094CF34 /* Default@2x.png */ = {isa = PBXFileReference; lastKnownFileType = image.png; name = "Default@2x.png"; path = "ios/Default@2x.png"; sourceTree = SOURCE_ROOT; };
		0443030E1D1A39E70094CF34 /* main.m */ = {isa = PBXFileReference; fileEncoding = 4; lastKnownFileType = sourcecode.c.objc; name = main.m; path = ios/main.m; sourceTree = SOURCE_ROOT; };
		044303151D1A3A400094CF34 /* en */ = {isa = PBXFileReference; lastKnownFileType = text.plist.strings; name = en; path = ios/en.lproj/InfoPlist.strings; sourceTree = SOURCE_ROOT; };
		049950961D1A3DF500730EF1 /* detector.xcodeproj */ = {isa = PBXFileReference; lastKnownFileType = "wrapper.pb-project"; name = detector.xcodeproj; path = ../detector/detector.xcodeproj; sourceTree = "<group>"; };
		0499509D1D1A3E5300730EF1 /* glasses.png */ = {isa = PBXFileReference; lastKnownFileType = image.png; name = glasses.png; path = ../detector/CvEffects/glasses.png; sourceTree = "<group>"; };
		0499509E1D1A3E5300730EF1 /* haarcascade_mcs_eyepair_big.xml */ = {isa = PBXFileReference; fileEncoding = 4; lastKnownFileType = text.xml; name = haarcascade_mcs_eyepair_big.xml; path = ../detector/CvEffects/haarcascade_mcs_eyepair_big.xml; sourceTree = "<group>"; };
		0499509F1D1A3E5300730EF1 /* haarcascade_mcs_mouth.xml */ = {isa = PBXFileReference; fileEncoding = 4; lastKnownFileType = text.xml; name = haarcascade_mcs_mouth.xml; path = ../detector/CvEffects/haarcascade_mcs_mouth.xml; sourceTree = "<group>"; };
		049950A01D1A3E5300730EF1 /* lbpcascade_frontalface.xml */ = {isa = PBXFileReference; fileEncoding = 4; lastKnownFileType = text.xml; name = lbpcascade_frontalface.xml; path = ../detector/CvEffects/lbpcascade_frontalface.xml; sourceTree = "<group>"; };
		049950A11D1A3E5300730EF1 /* mustache.png */ = {isa = PBXFileReference; lastKnownFileType = image.png; name = mustache.png; path = ../detector/CvEffects/mustache.png; sourceTree = "<group>"; };
		83FA790E1748FE9000248405 /* face_detector.app */ = {isa = PBXFileReference; explicitFileType = wrapper.application; includeInIndex = 0; path = face_detector.app; sourceTree = BUILT_PRODUCTS_DIR; };
		83FA79121748FE9000248405 /* UIKit.framework */ = {isa = PBXFileReference; lastKnownFileType = wrapper.framework; name = UIKit.framework; path = System/Library/Frameworks/UIKit.framework; sourceTree = SDKROOT; };
		83FA79141748FE9000248405 /* Foundation.framework */ = {isa = PBXFileReference; lastKnownFileType = wrapper.framework; name = Foundation.framework; path = System/Library/Frameworks/Foundation.framework; sourceTree = SDKROOT; };
		83FA79161748FE9000248405 /* CoreGraphics.framework */ = {isa = PBXFileReference; lastKnownFileType = wrapper.framework; name = CoreGraphics.framework; path = System/Library/Frameworks/CoreGraphics.framework; sourceTree = SDKROOT; };
		83FA793A1748FF3300248405 /* Accelerate.framework */ = {isa = PBXFileReference; lastKnownFileType = wrapper.framework; name = Accelerate.framework; path = System/Library/Frameworks/Accelerate.framework; sourceTree = SDKROOT; };
		83FA793B1748FF3300248405 /* AssetsLibrary.framework */ = {isa = PBXFileReference; lastKnownFileType = wrapper.framework; name = AssetsLibrary.framework; path = System/Library/Frameworks/AssetsLibrary.framework; sourceTree = SDKROOT; };
		83FA793C1748FF3300248405 /* AVFoundation.framework */ = {isa = PBXFileReference; lastKnownFileType = wrapper.framework; name = AVFoundation.framework; path = System/Library/Frameworks/AVFoundation.framework; sourceTree = SDKROOT; };
		83FA79401748FF3F00248405 /* CoreImage.framework */ = {isa = PBXFileReference; lastKnownFileType = wrapper.framework; name = CoreImage.framework; path = System/Library/Frameworks/CoreImage.framework; sourceTree = SDKROOT; };
		83FA79411748FF3F00248405 /* CoreMedia.framework */ = {isa = PBXFileReference; lastKnownFileType = wrapper.framework; name = CoreMedia.framework; path = System/Library/Frameworks/CoreMedia.framework; sourceTree = SDKROOT; };
		83FA79421748FF3F00248405 /* CoreVideo.framework */ = {isa = PBXFileReference; lastKnownFileType = wrapper.framework; name = CoreVideo.framework; path = System/Library/Frameworks/CoreVideo.framework; sourceTree = SDKROOT; };
		83FA79461748FF4A00248405 /* QuartzCore.framework */ = {isa = PBXFileReference; lastKnownFileType = wrapper.framework; name = QuartzCore.framework; path = System/Library/Frameworks/QuartzCore.framework; sourceTree = SDKROOT; };
/* End PBXFileReference section */

/* Begin PBXFrameworksBuildPhase section */
		83FA790B1748FE9000248405 /* Frameworks */ = {
			isa = PBXFrameworksBuildPhase;
			buildActionMask = 2147483647;
			files = (
				0499509C1D1A3E3500730EF1 /* libdetector.a in Frameworks */,
				044302EC1D1A36820094CF34 /* opencv2.framework in Frameworks */,
				83FA79471748FF4A00248405 /* QuartzCore.framework in Frameworks */,
				83FA79431748FF3F00248405 /* CoreImage.framework in Frameworks */,
				83FA79441748FF3F00248405 /* CoreMedia.framework in Frameworks */,
				83FA79451748FF3F00248405 /* CoreVideo.framework in Frameworks */,
				83FA793D1748FF3300248405 /* Accelerate.framework in Frameworks */,
				83FA793E1748FF3300248405 /* AssetsLibrary.framework in Frameworks */,
				83FA793F1748FF3300248405 /* AVFoundation.framework in Frameworks */,
				83FA79131748FE9000248405 /* UIKit.framework in Frameworks */,
				83FA79151748FE9000248405 /* Foundation.framework in Frameworks */,
				83FA79171748FE9000248405 /* CoreGraphics.framework in Frameworks */,
			);
			runOnlyForDeploymentPostprocessing = 0;
		};
/* End PBXFrameworksBuildPhase section */

/* Begin PBXGroup section */
		0499507B1D1A3BD800730EF1 /* src */ = {
			isa = PBXGroup;
			children = (
				0499509D1D1A3E5300730EF1 /* glasses.png */,
				0499509E1D1A3E5300730EF1 /* haarcascade_mcs_eyepair_big.xml */,
				0499509F1D1A3E5300730EF1 /* haarcascade_mcs_mouth.xml */,
				049950A01D1A3E5300730EF1 /* lbpcascade_frontalface.xml */,
				049950A11D1A3E5300730EF1 /* mustache.png */,
			);
			name = src;
			sourceTree = "<group>";
		};
		049950971D1A3DF500730EF1 /* Products */ = {
			isa = PBXGroup;
			children = (
				0499509B1D1A3DF500730EF1 /* libdetector.a */,
			);
			name = Products;
			sourceTree = "<group>";
		};
		83FA79031748FE9000248405 = {
			isa = PBXGroup;
			children = (
				049950961D1A3DF500730EF1 /* detector.xcodeproj */,
				0499507B1D1A3BD800730EF1 /* src */,
				83FA79181748FE9000248405 /* ios */,
				83FA79111748FE9000248405 /* Frameworks */,
				83FA790F1748FE9000248405 /* Products */,
			);
			sourceTree = "<group>";
		};
		83FA790F1748FE9000248405 /* Products */ = {
			isa = PBXGroup;
			children = (
				83FA790E1748FE9000248405 /* face_detector.app */,
			);
			name = Products;
			sourceTree = "<group>";
		};
		83FA79111748FE9000248405 /* Frameworks */ = {
			isa = PBXGroup;
			children = (
				044302EB1D1A36820094CF34 /* opencv2.framework */,
				83FA79461748FF4A00248405 /* QuartzCore.framework */,
				83FA79401748FF3F00248405 /* CoreImage.framework */,
				83FA79411748FF3F00248405 /* CoreMedia.framework */,
				83FA79421748FF3F00248405 /* CoreVideo.framework */,
				83FA793A1748FF3300248405 /* Accelerate.framework */,
				83FA793B1748FF3300248405 /* AssetsLibrary.framework */,
				83FA793C1748FF3300248405 /* AVFoundation.framework */,
				83FA79121748FE9000248405 /* UIKit.framework */,
				83FA79141748FE9000248405 /* Foundation.framework */,
				83FA79161748FE9000248405 /* CoreGraphics.framework */,
			);
			name = Frameworks;
			sourceTree = "<group>";
		};
		83FA79181748FE9000248405 /* ios */ = {
			isa = PBXGroup;
			children = (
				044302FD1D1A399A0094CF34 /* AppDelegate.h */,
				044302FE1D1A399A0094CF34 /* AppDelegate.m */,
				044302FF1D1A399A0094CF34 /* ViewController.h */,
				044303001D1A399A0094CF34 /* ViewController.m */,
				044303031D1A39AA0094CF34 /* MainStoryboard_iPad.storyboard */,
				044303051D1A39AA0094CF34 /* MainStoryboard_iPhone.storyboard */,
				83FA79191748FE9000248405 /* Supporting Files */,
			);
			name = ios;
			path = Chapter15_DetectingFacialFeatures;
			sourceTree = "<group>";
		};
		83FA79191748FE9000248405 /* Supporting Files */ = {
			isa = PBXGroup;
			children = (
				044303141D1A3A400094CF34 /* InfoPlist.strings */,
				044303091D1A39E70094CF34 /* face_detector.plist */,
				0443030A1D1A39E70094CF34 /* face_detector.pch */,
				0443030B1D1A39E70094CF34 /* Default-568h@2x.png */,
				0443030C1D1A39E70094CF34 /* Default.png */,
				0443030D1D1A39E70094CF34 /* Default@2x.png */,
				0443030E1D1A39E70094CF34 /* main.m */,
			);
			name = "Supporting Files";
			sourceTree = "<group>";
		};
/* End PBXGroup section */

/* Begin PBXNativeTarget section */
		83FA790D1748FE9000248405 /* face_detector */ = {
			isa = PBXNativeTarget;
			buildConfigurationList = 83FA79351748FE9000248405 /* Build configuration list for PBXNativeTarget "face_detector" */;
			buildPhases = (
				83FA790A1748FE9000248405 /* Sources */,
				83FA790B1748FE9000248405 /* Frameworks */,
				83FA790C1748FE9000248405 /* Resources */,
			);
			buildRules = (
			);
			dependencies = (
			);
			name = face_detector;
			productName = Chapter15_DetectingFacialFeatures;
			productReference = 83FA790E1748FE9000248405 /* face_detector.app */;
			productType = "com.apple.product-type.application";
		};
/* End PBXNativeTarget section */

/* Begin PBXProject section */
		83FA79051748FE9000248405 /* Project object */ = {
			isa = PBXProject;
			attributes = {
				LastUpgradeCheck = 0450;
				ORGANIZATIONNAME = "Alexander Shishkov & Kirill Kornyakov";
				TargetAttributes = {
					83FA790D1748FE9000248405 = {
						DevelopmentTeam = 298H868S9L;
					};
				};
			};
			buildConfigurationList = 83FA79081748FE9000248405 /* Build configuration list for PBXProject "face_detector_ios" */;
			compatibilityVersion = "Xcode 3.2";
			developmentRegion = English;
			hasScannedForEncodings = 0;
			knownRegions = (
				en,
			);
			mainGroup = 83FA79031748FE9000248405;
			productRefGroup = 83FA790F1748FE9000248405 /* Products */;
			projectDirPath = "";
			projectReferences = (
				{
					ProductGroup = 049950971D1A3DF500730EF1 /* Products */;
					ProjectRef = 049950961D1A3DF500730EF1 /* detector.xcodeproj */;
				},
			);
			projectRoot = "";
			targets = (
				83FA790D1748FE9000248405 /* face_detector */,
			);
		};
/* End PBXProject section */

/* Begin PBXReferenceProxy section */
		0499509B1D1A3DF500730EF1 /* libdetector.a */ = {
			isa = PBXReferenceProxy;
			fileType = archive.ar;
			path = libdetector.a;
			remoteRef = 0499509A1D1A3DF500730EF1 /* PBXContainerItemProxy */;
			sourceTree = BUILT_PRODUCTS_DIR;
		};
/* End PBXReferenceProxy section */

/* Begin PBXResourcesBuildPhase section */
		83FA790C1748FE9000248405 /* Resources */ = {
			isa = PBXResourcesBuildPhase;
			buildActionMask = 2147483647;
			files = (
				049950A31D1A3E5300730EF1 /* haarcascade_mcs_eyepair_big.xml in Resources */,
				049950A21D1A3E5300730EF1 /* glasses.png in Resources */,
				044303161D1A3A400094CF34 /* InfoPlist.strings in Resources */,
				044303081D1A39AA0094CF34 /* MainStoryboard_iPhone.storyboard in Resources */,
				049950A41D1A3E5300730EF1 /* haarcascade_mcs_mouth.xml in Resources */,
				049950A61D1A3E5300730EF1 /* mustache.png in Resources */,
				0443030F1D1A39E70094CF34 /* face_detector.plist in Resources */,
				044303071D1A39AA0094CF34 /* MainStoryboard_iPad.storyboard in Resources */,
				044303101D1A39E70094CF34 /* Default-568h@2x.png in Resources */,
				044303111D1A39E70094CF34 /* Default.png in Resources */,
				044303121D1A39E70094CF34 /* Default@2x.png in Resources */,
				049950A51D1A3E5300730EF1 /* lbpcascade_frontalface.xml in Resources */,
			);
			runOnlyForDeploymentPostprocessing = 0;
		};
/* End PBXResourcesBuildPhase section */

/* Begin PBXSourcesBuildPhase section */
		83FA790A1748FE9000248405 /* Sources */ = {
			isa = PBXSourcesBuildPhase;
			buildActionMask = 2147483647;
			files = (
				044303011D1A399A0094CF34 /* AppDelegate.m in Sources */,
				044303131D1A39E70094CF34 /* main.m in Sources */,
				044303021D1A399A0094CF34 /* ViewController.m in Sources */,
			);
			runOnlyForDeploymentPostprocessing = 0;
		};
/* End PBXSourcesBuildPhase section */

/* Begin PBXVariantGroup section */
		044303031D1A39AA0094CF34 /* MainStoryboard_iPad.storyboard */ = {
			isa = PBXVariantGroup;
			children = (
				044303041D1A39AA0094CF34 /* en */,
			);
			name = MainStoryboard_iPad.storyboard;
			sourceTree = "<group>";
		};
		044303051D1A39AA0094CF34 /* MainStoryboard_iPhone.storyboard */ = {
			isa = PBXVariantGroup;
			children = (
				044303061D1A39AA0094CF34 /* en */,
			);
			name = MainStoryboard_iPhone.storyboard;
			sourceTree = "<group>";
		};
		044303141D1A3A400094CF34 /* InfoPlist.strings */ = {
			isa = PBXVariantGroup;
			children = (
				044303151D1A3A400094CF34 /* en */,
			);
			name = InfoPlist.strings;
			sourceTree = "<group>";
		};
/* End PBXVariantGroup section */

/* Begin XCBuildConfiguration section */
		83FA79331748FE9000248405 /* Debug */ = {
			isa = XCBuildConfiguration;
			buildSettings = {
				ALWAYS_SEARCH_USER_PATHS = NO;
				CLANG_CXX_LANGUAGE_STANDARD = "gnu++0x";
				CLANG_CXX_LIBRARY = "libc++";
				CLANG_ENABLE_OBJC_ARC = YES;
				CLANG_WARN_EMPTY_BODY = YES;
				CLANG_WARN__DUPLICATE_METHOD_MATCH = YES;
				"CODE_SIGN_IDENTITY[sdk=iphoneos*]" = "iPhone Developer";
				COPY_PHASE_STRIP = NO;
				GCC_C_LANGUAGE_STANDARD = gnu99;
				GCC_DYNAMIC_NO_PIC = NO;
				GCC_OPTIMIZATION_LEVEL = 0;
				GCC_PREPROCESSOR_DEFINITIONS = (
					"DEBUG=1",
					"$(inherited)",
				);
				GCC_SYMBOLS_PRIVATE_EXTERN = NO;
				GCC_WARN_ABOUT_RETURN_TYPE = YES;
				GCC_WARN_UNINITIALIZED_AUTOS = YES;
				GCC_WARN_UNUSED_VARIABLE = YES;
				IPHONEOS_DEPLOYMENT_TARGET = 6.0;
				ONLY_ACTIVE_ARCH = YES;
				SDKROOT = iphoneos;
				TARGETED_DEVICE_FAMILY = "1,2";
			};
			name = Debug;
		};
		83FA79341748FE9000248405 /* Release */ = {
			isa = XCBuildConfiguration;
			buildSettings = {
				ALWAYS_SEARCH_USER_PATHS = NO;
				CLANG_CXX_LANGUAGE_STANDARD = "gnu++0x";
				CLANG_CXX_LIBRARY = "libc++";
				CLANG_ENABLE_OBJC_ARC = YES;
				CLANG_WARN_EMPTY_BODY = YES;
				CLANG_WARN__DUPLICATE_METHOD_MATCH = YES;
				"CODE_SIGN_IDENTITY[sdk=iphoneos*]" = "iPhone Developer";
				COPY_PHASE_STRIP = YES;
				GCC_C_LANGUAGE_STANDARD = gnu99;
				GCC_WARN_ABOUT_RETURN_TYPE = YES;
				GCC_WARN_UNINITIALIZED_AUTOS = YES;
				GCC_WARN_UNUSED_VARIABLE = YES;
				IPHONEOS_DEPLOYMENT_TARGET = 6.0;
				OTHER_CFLAGS = "-DNS_BLOCK_ASSERTIONS=1";
				SDKROOT = iphoneos;
				TARGETED_DEVICE_FAMILY = "1,2";
				VALIDATE_PRODUCT = YES;
			};
			name = Release;
		};
		83FA79361748FE9000248405 /* Debug */ = {
			isa = XCBuildConfiguration;
			buildSettings = {
				CODE_SIGN_IDENTITY = "iPhone Developer";
				"CODE_SIGN_IDENTITY[sdk=iphoneos*]" = "iPhone Developer";
				ENABLE_BITCODE = NO;
				FRAMEWORK_SEARCH_PATHS = (
					"$(inherited)",
					"$(SRCROOT)",
					"$(PROJECT_DIR)",
				);
				GCC_INPUT_FILETYPE = sourcecode.cpp.objcpp;
				GCC_PRECOMPILE_PREFIX_HEADER = YES;
				GCC_PREFIX_HEADER = ios/face_detector.pch;
				HEADER_SEARCH_PATHS = "";
				INFOPLIST_FILE = ios/face_detector.plist;
				PRODUCT_BUNDLE_IDENTIFIER = com.novo.test;
				PRODUCT_NAME = "$(TARGET_NAME)";
				PROVISIONING_PROFILE = "";
				WRAPPER_EXTENSION = app;
			};
			name = Debug;
		};
		83FA79371748FE9000248405 /* Release */ = {
			isa = XCBuildConfiguration;
			buildSettings = {
				CODE_SIGN_IDENTITY = "iPhone Developer";
				"CODE_SIGN_IDENTITY[sdk=iphoneos*]" = "iPhone Developer";
				ENABLE_BITCODE = NO;
				FRAMEWORK_SEARCH_PATHS = (
					"$(inherited)",
					"$(SRCROOT)",
					"$(PROJECT_DIR)",
				);
				GCC_INPUT_FILETYPE = sourcecode.cpp.objcpp;
				GCC_PRECOMPILE_PREFIX_HEADER = YES;
				GCC_PREFIX_HEADER = ios/face_detector.pch;
				HEADER_SEARCH_PATHS = "";
				INFOPLIST_FILE = ios/face_detector.plist;
				PRODUCT_BUNDLE_IDENTIFIER = com.novo.test;
				PRODUCT_NAME = "$(TARGET_NAME)";
				PROVISIONING_PROFILE = "";
				WRAPPER_EXTENSION = app;
			};
			name = Release;
		};
/* End XCBuildConfiguration section */

/* Begin XCConfigurationList section */
		83FA79081748FE9000248405 /* Build configuration list for PBXProject "face_detector_ios" */ = {
			isa = XCConfigurationList;
			buildConfigurations = (
				83FA79331748FE9000248405 /* Debug */,
				83FA79341748FE9000248405 /* Release */,
			);
			defaultConfigurationIsVisible = 0;
			defaultConfigurationName = Release;
		};
		83FA79351748FE9000248405 /* Build configuration list for PBXNativeTarget "face_detector" */ = {
			isa = XCConfigurationList;
			buildConfigurations = (
				83FA79361748FE9000248405 /* Debug */,
				83FA79371748FE9000248405 /* Release */,
			);
			defaultConfigurationIsVisible = 0;
			defaultConfigurationName = Release;
		};
/* End XCConfigurationList section */
	};
	rootObject = 83FA79051748FE9000248405 /* Project object */;
}
